// !$*UTF8*$!
{
	archiveVersion = 1;
	classes = {
	};
	objectVersion = 52;
	objects = {

/* Begin PBXBuildFile section */
		160BB05325DC2C2C0059E493 /* StatsView.swift in Sources */ = {isa = PBXBuildFile; fileRef = 160BB05225DC2C2C0059E493 /* StatsView.swift */; };
		160BB06525DD61700059E493 /* TimeSelectView.swift in Sources */ = {isa = PBXBuildFile; fileRef = 1645B91725B350BA00B04478 /* TimeSelectView.swift */; };
		160BB06625DD61700059E493 /* ProfileDataStore.swift in Sources */ = {isa = PBXBuildFile; fileRef = 16E8323D25D4C0F100382545 /* ProfileDataStore.swift */; };
		160BB06725DD61700059E493 /* ImportView.swift in Sources */ = {isa = PBXBuildFile; fileRef = 16A0662725C642EA00019096 /* ImportView.swift */; };
		160BB06825DD61700059E493 /* ContentView.swift in Sources */ = {isa = PBXBuildFile; fileRef = 16682B6825CF416D00FC9317 /* ContentView.swift */; };
		160BB06925DD61700059E493 /* Log.swift in Sources */ = {isa = PBXBuildFile; fileRef = 16A3A5E925B8F477003D1AB2 /* Log.swift */; };
		160BB06A25DD61700059E493 /* TextRow.swift in Sources */ = {isa = PBXBuildFile; fileRef = 1645B94225B35F6E00B04478 /* TextRow.swift */; };
		160BB06B25DD61700059E493 /* NoWorkoutsView.swift in Sources */ = {isa = PBXBuildFile; fileRef = 16AB3DA825D096EE0082A610 /* NoWorkoutsView.swift */; };
		160BB06C25DD61700059E493 /* ImportEmptyView.swift in Sources */ = {isa = PBXBuildFile; fileRef = 16AB3D9E25D08EEB0082A610 /* ImportEmptyView.swift */; };
		160BB06D25DD61700059E493 /* DetailMapView.swift in Sources */ = {isa = PBXBuildFile; fileRef = 1697608025CB7EFD00CAF544 /* DetailMapView.swift */; };
		160BB06E25DD61700059E493 /* UTType+Additions.swift in Sources */ = {isa = PBXBuildFile; fileRef = 1645B91425B350BA00B04478 /* UTType+Additions.swift */; };
		160BB06F25DD61700059E493 /* HealthKit+Additions.swift in Sources */ = {isa = PBXBuildFile; fileRef = 1645B93E25B3546B00B04478 /* HealthKit+Additions.swift */; };
		160BB07025DD61700059E493 /* DetailView.swift in Sources */ = {isa = PBXBuildFile; fileRef = 1645B91C25B350BB00B04478 /* DetailView.swift */; };
		160BB07125DD61700059E493 /* TimeHelper.swift in Sources */ = {isa = PBXBuildFile; fileRef = 1645B91625B350BA00B04478 /* TimeHelper.swift */; };
		160BB07225DD61700059E493 /* ImportRow.swift in Sources */ = {isa = PBXBuildFile; fileRef = 165F154025C82B9600A2CE59 /* ImportRow.swift */; };
		160BB07325DD61700059E493 /* DetailManager.swift in Sources */ = {isa = PBXBuildFile; fileRef = 16A065F125C37F1500019096 /* DetailManager.swift */; };
		160BB07425DD61700059E493 /* WorkoutImport+Events.swift in Sources */ = {isa = PBXBuildFile; fileRef = 16A0660D25C48FB500019096 /* WorkoutImport+Events.swift */; };
		160BB07525DD61700059E493 /* AppSettings.swift in Sources */ = {isa = PBXBuildFile; fileRef = 16E8321C25D2096100382545 /* AppSettings.swift */; };
		160BB07625DD61700059E493 /* WorkoutsView.swift in Sources */ = {isa = PBXBuildFile; fileRef = 1645B91E25B350BB00B04478 /* WorkoutsView.swift */; };
		160BB07725DD61700059E493 /* TimePicker.swift in Sources */ = {isa = PBXBuildFile; fileRef = 1645B94825B3669E00B04478 /* TimePicker.swift */; };
		160BB07825DD61700059E493 /* MKCoordinateRegion+Additions.swift in Sources */ = {isa = PBXBuildFile; fileRef = 16A065EB25C3715300019096 /* MKCoordinateRegion+Additions.swift */; };
		160BB07925DD61700059E493 /* GarminUtils.swift in Sources */ = {isa = PBXBuildFile; fileRef = 16755EDB25BBACC5002E73BA /* GarminUtils.swift */; };
		160BB07A25DD61700059E493 /* WriteDeniedView.swift in Sources */ = {isa = PBXBuildFile; fileRef = 16AB3DAC25D097480082A610 /* WriteDeniedView.swift */; };
		160BB07B25DD61700059E493 /* WorkoutsApp.swift in Sources */ = {isa = PBXBuildFile; fileRef = 161FDB6525B34D4B00929433 /* WorkoutsApp.swift */; };
		160BB07C25DD61700059E493 /* Sport.swift in Sources */ = {isa = PBXBuildFile; fileRef = 16E8323825D4B06200382545 /* Sport.swift */; };
		160BB07D25DD61700059E493 /* Color+Additions.swift in Sources */ = {isa = PBXBuildFile; fileRef = 1645B91825B350BB00B04478 /* Color+Additions.swift */; };
		160BB07E25DD61700059E493 /* NoFilesView.swift in Sources */ = {isa = PBXBuildFile; fileRef = 16AB3DB225D0996C0082A610 /* NoFilesView.swift */; };
		160BB07F25DD61700059E493 /* RoundButton.swift in Sources */ = {isa = PBXBuildFile; fileRef = 16682B6425CF3E1900FC9317 /* RoundButton.swift */; };
		160BB08025DD61700059E493 /* WorkoutMap.swift in Sources */ = {isa = PBXBuildFile; fileRef = 16A065E725C3679D00019096 /* WorkoutMap.swift */; };
		160BB08125DD61700059E493 /* Date+Additions.swift in Sources */ = {isa = PBXBuildFile; fileRef = 16A0663225C751FD00019096 /* Date+Additions.swift */; };
		160BB08225DD61700059E493 /* WorkoutDataStore.swift in Sources */ = {isa = PBXBuildFile; fileRef = 1645B93825B353DD00B04478 /* WorkoutDataStore.swift */; };
		160BB08325DD61700059E493 /* OnboardingView.swift in Sources */ = {isa = PBXBuildFile; fileRef = 16682B6E25CFF54F00FC9317 /* OnboardingView.swift */; };
		160BB08425DD61700059E493 /* ImportManager.swift in Sources */ = {isa = PBXBuildFile; fileRef = 16A0662E25C7209E00019096 /* ImportManager.swift */; };
		160BB08525DD61700059E493 /* WorkoutManager.swift in Sources */ = {isa = PBXBuildFile; fileRef = 1645B91325B350BA00B04478 /* WorkoutManager.swift */; };
		160BB08625DD61700059E493 /* WorkoutImport.swift in Sources */ = {isa = PBXBuildFile; fileRef = 16AD0F9925B5DA2C0092FA91 /* WorkoutImport.swift */; };
		160BB08725DD61700059E493 /* AddView.swift in Sources */ = {isa = PBXBuildFile; fileRef = 1645B91125B350BA00B04478 /* AddView.swift */; };
		160BB08825DD61700059E493 /* DocumentPicker.swift in Sources */ = {isa = PBXBuildFile; fileRef = 1645B91525B350BA00B04478 /* DocumentPicker.swift */; };
		160BB08925DD61700059E493 /* WorkoutImport+Record.swift in Sources */ = {isa = PBXBuildFile; fileRef = 16A065F725C48CB200019096 /* WorkoutImport+Record.swift */; };
		160BB08A25DD61700059E493 /* WorkoutImport+Value.swift in Sources */ = {isa = PBXBuildFile; fileRef = 16A0660325C48D7000019096 /* WorkoutImport+Value.swift */; };
		160BB08B25DD61700059E493 /* HealthData.swift in Sources */ = {isa = PBXBuildFile; fileRef = 1645B91B25B350BB00B04478 /* HealthData.swift */; };
		160BB08C25DD61700059E493 /* DetailMap.swift in Sources */ = {isa = PBXBuildFile; fileRef = 1697607A25CB7BCC00CAF544 /* DetailMap.swift */; };
		160BB08D25DD61700059E493 /* FormatterUtils.swift in Sources */ = {isa = PBXBuildFile; fileRef = 16ACF73425C8D61000CAFDBC /* FormatterUtils.swift */; };
		160BB08E25DD61700059E493 /* Workout.swift in Sources */ = {isa = PBXBuildFile; fileRef = 1645B91225B350BA00B04478 /* Workout.swift */; };
		160BB08F25DD61700059E493 /* SettingsView.swift in Sources */ = {isa = PBXBuildFile; fileRef = 1645B91925B350BB00B04478 /* SettingsView.swift */; };
		160BB09025DD61700059E493 /* WorkoutEmptyView.swift in Sources */ = {isa = PBXBuildFile; fileRef = 16682B6025CF15F300FC9317 /* WorkoutEmptyView.swift */; };
		160BB09125DD61700059E493 /* AppData.swift in Sources */ = {isa = PBXBuildFile; fileRef = 1645B91A25B350BB00B04478 /* AppData.swift */; };
		160BB09225DD61700059E493 /* ImportOperation.swift in Sources */ = {isa = PBXBuildFile; fileRef = 165F154425C853E900A2CE59 /* ImportOperation.swift */; };
		160BB09325DD61700059E493 /* Locale+Additions.swift in Sources */ = {isa = PBXBuildFile; fileRef = 16E8322825D20B4500382545 /* Locale+Additions.swift */; };
		160BB09425DD61700059E493 /* RowItem.swift in Sources */ = {isa = PBXBuildFile; fileRef = 1645B94525B3612700B04478 /* RowItem.swift */; };
		160BB09525DD61700059E493 /* StatsView.swift in Sources */ = {isa = PBXBuildFile; fileRef = 160BB05225DC2C2C0059E493 /* StatsView.swift */; };
		160BB09625DD61700059E493 /* EnergyUtils.swift in Sources */ = {isa = PBXBuildFile; fileRef = 16E8323425D4AC1D00382545 /* EnergyUtils.swift */; };
		160BB09725DD61700059E493 /* NotAvailableView.swift in Sources */ = {isa = PBXBuildFile; fileRef = 16AB3DA225D096A10082A610 /* NotAvailableView.swift */; };
		160BB09825DD61700059E493 /* WorkoutImport+Metadata.swift in Sources */ = {isa = PBXBuildFile; fileRef = 16A0661425C4A60D00019096 /* WorkoutImport+Metadata.swift */; };
		160BB09A25DD61700059E493 /* HealthKit.framework in Frameworks */ = {isa = PBXBuildFile; fileRef = 161FDB7725B34DF000929433 /* HealthKit.framework */; };
		160BB09B25DD61700059E493 /* FitFileParser in Frameworks */ = {isa = PBXBuildFile; productRef = 160BB06225DD61700059E493 /* FitFileParser */; };
		160BB09D25DD61700059E493 /* Preview Assets.xcassets in Resources */ = {isa = PBXBuildFile; fileRef = 161FDB6C25B34D4E00929433 /* Preview Assets.xcassets */; };
		160BB0BA25DD65C40059E493 /* Assets.xcassets in Resources */ = {isa = PBXBuildFile; fileRef = 161FDB6925B34D4E00929433 /* Assets.xcassets */; };
		160BB0C125DD65DA0059E493 /* Assets.xcassets in Resources */ = {isa = PBXBuildFile; fileRef = 161FDB6925B34D4E00929433 /* Assets.xcassets */; };
		160BB0CF25DDF1EE0059E493 /* StatsProvider.swift in Sources */ = {isa = PBXBuildFile; fileRef = 160BB0CE25DDF1EE0059E493 /* StatsProvider.swift */; };
		160BB0D025DDF1EE0059E493 /* StatsProvider.swift in Sources */ = {isa = PBXBuildFile; fileRef = 160BB0CE25DDF1EE0059E493 /* StatsProvider.swift */; };
		160BB0D525DDFA1E0059E493 /* HKStatisticsQuery+Publisher.swift in Sources */ = {isa = PBXBuildFile; fileRef = 160BB0D425DDFA1E0059E493 /* HKStatisticsQuery+Publisher.swift */; };
		160BB0D625DDFA1E0059E493 /* HKStatisticsQuery+Publisher.swift in Sources */ = {isa = PBXBuildFile; fileRef = 160BB0D425DDFA1E0059E493 /* HKStatisticsQuery+Publisher.swift */; };
		161FDB6625B34D4B00929433 /* WorkoutsApp.swift in Sources */ = {isa = PBXBuildFile; fileRef = 161FDB6525B34D4B00929433 /* WorkoutsApp.swift */; };
		161FDB6D25B34D4E00929433 /* Preview Assets.xcassets in Resources */ = {isa = PBXBuildFile; fileRef = 161FDB6C25B34D4E00929433 /* Preview Assets.xcassets */; };
		161FDB7825B34DF000929433 /* HealthKit.framework in Frameworks */ = {isa = PBXBuildFile; fileRef = 161FDB7725B34DF000929433 /* HealthKit.framework */; };
		163A5F3C25EFC8DA00146964 /* WorkoutAnnotation.swift in Sources */ = {isa = PBXBuildFile; fileRef = 163A5F3B25EFC8DA00146964 /* WorkoutAnnotation.swift */; };
		163A5F3D25EFC8DA00146964 /* WorkoutAnnotation.swift in Sources */ = {isa = PBXBuildFile; fileRef = 163A5F3B25EFC8DA00146964 /* WorkoutAnnotation.swift */; };
		1645B91F25B350BB00B04478 /* AddView.swift in Sources */ = {isa = PBXBuildFile; fileRef = 1645B91125B350BA00B04478 /* AddView.swift */; };
		1645B92025B350BB00B04478 /* Workout.swift in Sources */ = {isa = PBXBuildFile; fileRef = 1645B91225B350BA00B04478 /* Workout.swift */; };
		1645B92125B350BB00B04478 /* WorkoutManager.swift in Sources */ = {isa = PBXBuildFile; fileRef = 1645B91325B350BA00B04478 /* WorkoutManager.swift */; };
		1645B92225B350BB00B04478 /* UTType+Additions.swift in Sources */ = {isa = PBXBuildFile; fileRef = 1645B91425B350BA00B04478 /* UTType+Additions.swift */; };
		1645B92325B350BB00B04478 /* DocumentPicker.swift in Sources */ = {isa = PBXBuildFile; fileRef = 1645B91525B350BA00B04478 /* DocumentPicker.swift */; };
		1645B92425B350BB00B04478 /* TimeHelper.swift in Sources */ = {isa = PBXBuildFile; fileRef = 1645B91625B350BA00B04478 /* TimeHelper.swift */; };
		1645B92525B350BB00B04478 /* TimeSelectView.swift in Sources */ = {isa = PBXBuildFile; fileRef = 1645B91725B350BA00B04478 /* TimeSelectView.swift */; };
		1645B92625B350BB00B04478 /* Color+Additions.swift in Sources */ = {isa = PBXBuildFile; fileRef = 1645B91825B350BB00B04478 /* Color+Additions.swift */; };
		1645B92725B350BB00B04478 /* SettingsView.swift in Sources */ = {isa = PBXBuildFile; fileRef = 1645B91925B350BB00B04478 /* SettingsView.swift */; };
		1645B92825B350BB00B04478 /* AppData.swift in Sources */ = {isa = PBXBuildFile; fileRef = 1645B91A25B350BB00B04478 /* AppData.swift */; };
		1645B92925B350BB00B04478 /* HealthData.swift in Sources */ = {isa = PBXBuildFile; fileRef = 1645B91B25B350BB00B04478 /* HealthData.swift */; };
		1645B92A25B350BB00B04478 /* DetailView.swift in Sources */ = {isa = PBXBuildFile; fileRef = 1645B91C25B350BB00B04478 /* DetailView.swift */; };
		1645B92C25B350BB00B04478 /* WorkoutsView.swift in Sources */ = {isa = PBXBuildFile; fileRef = 1645B91E25B350BB00B04478 /* WorkoutsView.swift */; };
		1645B93A25B353DD00B04478 /* WorkoutDataStore.swift in Sources */ = {isa = PBXBuildFile; fileRef = 1645B93825B353DD00B04478 /* WorkoutDataStore.swift */; };
		1645B93F25B3546B00B04478 /* HealthKit+Additions.swift in Sources */ = {isa = PBXBuildFile; fileRef = 1645B93E25B3546B00B04478 /* HealthKit+Additions.swift */; };
		1645B94325B35F6E00B04478 /* TextRow.swift in Sources */ = {isa = PBXBuildFile; fileRef = 1645B94225B35F6E00B04478 /* TextRow.swift */; };
		1645B94625B3612700B04478 /* RowItem.swift in Sources */ = {isa = PBXBuildFile; fileRef = 1645B94525B3612700B04478 /* RowItem.swift */; };
		1645B94925B3669E00B04478 /* TimePicker.swift in Sources */ = {isa = PBXBuildFile; fileRef = 1645B94825B3669E00B04478 /* TimePicker.swift */; };
		165D646E2617AF170015744C /* UpgradeView.swift in Sources */ = {isa = PBXBuildFile; fileRef = 165D646D2617AF170015744C /* UpgradeView.swift */; };
		165D646F2617AF170015744C /* UpgradeView.swift in Sources */ = {isa = PBXBuildFile; fileRef = 165D646D2617AF170015744C /* UpgradeView.swift */; };
		165D647A261956630015744C /* WebView.swift in Sources */ = {isa = PBXBuildFile; fileRef = 165D6479261956620015744C /* WebView.swift */; };
		165D647B261956630015744C /* WebView.swift in Sources */ = {isa = PBXBuildFile; fileRef = 165D6479261956620015744C /* WebView.swift */; };
		165D6480261957310015744C /* WebContent.swift in Sources */ = {isa = PBXBuildFile; fileRef = 165D647F261957310015744C /* WebContent.swift */; };
		165D6481261957310015744C /* WebContent.swift in Sources */ = {isa = PBXBuildFile; fileRef = 165D647F261957310015744C /* WebContent.swift */; };
		165D648626195D140015744C /* SafariView.swift in Sources */ = {isa = PBXBuildFile; fileRef = 165D648526195D140015744C /* SafariView.swift */; };
		165D648726195D140015744C /* SafariView.swift in Sources */ = {isa = PBXBuildFile; fileRef = 165D648526195D140015744C /* SafariView.swift */; };
		165D6492261962390015744C /* SystemUtils.swift in Sources */ = {isa = PBXBuildFile; fileRef = 165D6491261962390015744C /* SystemUtils.swift */; };
		165D6493261962390015744C /* SystemUtils.swift in Sources */ = {isa = PBXBuildFile; fileRef = 165D6491261962390015744C /* SystemUtils.swift */; };
		165D649B261B51D20015744C /* MailView.swift in Sources */ = {isa = PBXBuildFile; fileRef = 165D649A261B51D20015744C /* MailView.swift */; };
		165D649C261B51D20015744C /* MailView.swift in Sources */ = {isa = PBXBuildFile; fileRef = 165D649A261B51D20015744C /* MailView.swift */; };
		165F154125C82B9600A2CE59 /* ImportRow.swift in Sources */ = {isa = PBXBuildFile; fileRef = 165F154025C82B9600A2CE59 /* ImportRow.swift */; };
		165F154525C853E900A2CE59 /* ImportOperation.swift in Sources */ = {isa = PBXBuildFile; fileRef = 165F154425C853E900A2CE59 /* ImportOperation.swift */; };
		16682B6125CF15F300FC9317 /* WorkoutEmptyView.swift in Sources */ = {isa = PBXBuildFile; fileRef = 16682B6025CF15F300FC9317 /* WorkoutEmptyView.swift */; };
		16682B6525CF3E1900FC9317 /* RoundButton.swift in Sources */ = {isa = PBXBuildFile; fileRef = 16682B6425CF3E1900FC9317 /* RoundButton.swift */; };
		16682B6925CF416D00FC9317 /* ContentView.swift in Sources */ = {isa = PBXBuildFile; fileRef = 16682B6825CF416D00FC9317 /* ContentView.swift */; };
		16682B6F25CFF54F00FC9317 /* OnboardingView.swift in Sources */ = {isa = PBXBuildFile; fileRef = 16682B6E25CFF54F00FC9317 /* OnboardingView.swift */; };
		16755ED825BBAC6E002E73BA /* AppData.swift in Sources */ = {isa = PBXBuildFile; fileRef = 1645B91A25B350BB00B04478 /* AppData.swift */; };
		16755EE225BBAD93002E73BA /* GarminUtils.swift in Sources */ = {isa = PBXBuildFile; fileRef = 16755EDB25BBACC5002E73BA /* GarminUtils.swift */; };
		16755EE525BBAD94002E73BA /* GarminUtils.swift in Sources */ = {isa = PBXBuildFile; fileRef = 16755EDB25BBACC5002E73BA /* GarminUtils.swift */; };
		1678145925DF4B120012531D /* StatsManager.swift in Sources */ = {isa = PBXBuildFile; fileRef = 1678145825DF4B120012531D /* StatsManager.swift */; };
		1678145A25DF4B120012531D /* StatsManager.swift in Sources */ = {isa = PBXBuildFile; fileRef = 1678145825DF4B120012531D /* StatsManager.swift */; };
		1678145F25DFFFBD0012531D /* StatsSummary.swift in Sources */ = {isa = PBXBuildFile; fileRef = 1678145E25DFFFBD0012531D /* StatsSummary.swift */; };
		1678146025DFFFBD0012531D /* StatsSummary.swift in Sources */ = {isa = PBXBuildFile; fileRef = 1678145E25DFFFBD0012531D /* StatsSummary.swift */; };
		1678146925E001810012531D /* HKSampleQuery+Publisher.swift in Sources */ = {isa = PBXBuildFile; fileRef = 1678146825E001810012531D /* HKSampleQuery+Publisher.swift */; };
		1678146A25E001810012531D /* HKSampleQuery+Publisher.swift in Sources */ = {isa = PBXBuildFile; fileRef = 1678146825E001810012531D /* HKSampleQuery+Publisher.swift */; };
		167D2E622604E0BA00A4A299 /* String+Additions.swift in Sources */ = {isa = PBXBuildFile; fileRef = 167D2E612604E0BA00A4A299 /* String+Additions.swift */; };
		167D2E632604E0BA00A4A299 /* String+Additions.swift in Sources */ = {isa = PBXBuildFile; fileRef = 167D2E612604E0BA00A4A299 /* String+Additions.swift */; };
		167D2E682605428200A4A299 /* SyncOperation.swift in Sources */ = {isa = PBXBuildFile; fileRef = 167D2E672605428200A4A299 /* SyncOperation.swift */; };
		167D2E692605428200A4A299 /* SyncOperation.swift in Sources */ = {isa = PBXBuildFile; fileRef = 167D2E672605428200A4A299 /* SyncOperation.swift */; };
		167D2E752605466400A4A299 /* HeartRateStatsOperation.swift in Sources */ = {isa = PBXBuildFile; fileRef = 167D2E742605466400A4A299 /* HeartRateStatsOperation.swift */; };
		167D2E762605466400A4A299 /* HeartRateStatsOperation.swift in Sources */ = {isa = PBXBuildFile; fileRef = 167D2E742605466400A4A299 /* HeartRateStatsOperation.swift */; };
		167D2E7B260548F500A4A299 /* RouteOperation.swift in Sources */ = {isa = PBXBuildFile; fileRef = 167D2E7A260548F500A4A299 /* RouteOperation.swift */; };
		167D2E7C260548F500A4A299 /* RouteOperation.swift in Sources */ = {isa = PBXBuildFile; fileRef = 167D2E7A260548F500A4A299 /* RouteOperation.swift */; };
		167D2E8126054E7400A4A299 /* CyclingCadenceOperation.swift in Sources */ = {isa = PBXBuildFile; fileRef = 167D2E8026054E7400A4A299 /* CyclingCadenceOperation.swift */; };
		167D2E8226054E7400A4A299 /* CyclingCadenceOperation.swift in Sources */ = {isa = PBXBuildFile; fileRef = 167D2E8026054E7400A4A299 /* CyclingCadenceOperation.swift */; };
		167D2E8A26054EF900A4A299 /* HeartRateOperation.swift in Sources */ = {isa = PBXBuildFile; fileRef = 167D2E8926054EF900A4A299 /* HeartRateOperation.swift */; };
		167D2E8B26054EF900A4A299 /* HeartRateOperation.swift in Sources */ = {isa = PBXBuildFile; fileRef = 167D2E8926054EF900A4A299 /* HeartRateOperation.swift */; };
		167D2E902605501E00A4A299 /* PaceOperation.swift in Sources */ = {isa = PBXBuildFile; fileRef = 167D2E8F2605501E00A4A299 /* PaceOperation.swift */; };
		167D2E912605501E00A4A299 /* PaceOperation.swift in Sources */ = {isa = PBXBuildFile; fileRef = 167D2E8F2605501E00A4A299 /* PaceOperation.swift */; };
		167D2E9F2607E91500A4A299 /* FileUtils.swift in Sources */ = {isa = PBXBuildFile; fileRef = 167D2E9E2607E91500A4A299 /* FileUtils.swift */; };
		167D2EA02607E91500A4A299 /* FileUtils.swift in Sources */ = {isa = PBXBuildFile; fileRef = 167D2E9E2607E91500A4A299 /* FileUtils.swift */; };
		167D2EA82608E1C100A4A299 /* WeightInputView.swift in Sources */ = {isa = PBXBuildFile; fileRef = 167D2EA72608E1C100A4A299 /* WeightInputView.swift */; };
		167D2EA92608E1C100A4A299 /* WeightInputView.swift in Sources */ = {isa = PBXBuildFile; fileRef = 167D2EA72608E1C100A4A299 /* WeightInputView.swift */; };
		167D2ED8260C103000A4A299 /* PaywallView.swift in Sources */ = {isa = PBXBuildFile; fileRef = 167D2ED7260C103000A4A299 /* PaywallView.swift */; };
		167D2ED9260C103000A4A299 /* PaywallView.swift in Sources */ = {isa = PBXBuildFile; fileRef = 167D2ED7260C103000A4A299 /* PaywallView.swift */; };
		167D2EE226110D7300A4A299 /* Purchases in Frameworks */ = {isa = PBXBuildFile; productRef = 167D2EE126110D7300A4A299 /* Purchases */; };
		167D2EE726110DB300A4A299 /* StoreKit.framework in Frameworks */ = {isa = PBXBuildFile; fileRef = 167D2EE626110DB300A4A299 /* StoreKit.framework */; };
		167D2EE826110DBF00A4A299 /* StoreKit.framework in Frameworks */ = {isa = PBXBuildFile; fileRef = 167D2EE626110DB300A4A299 /* StoreKit.framework */; };
		167D2EEA2611103200A4A299 /* Purchases in Frameworks */ = {isa = PBXBuildFile; productRef = 167D2EE92611103200A4A299 /* Purchases */; };
		167D2EEC2611104800A4A299 /* IAPManager.swift in Sources */ = {isa = PBXBuildFile; fileRef = 167D2EEB2611104800A4A299 /* IAPManager.swift */; };
		167D2EED2611104800A4A299 /* IAPManager.swift in Sources */ = {isa = PBXBuildFile; fileRef = 167D2EEB2611104800A4A299 /* IAPManager.swift */; };
		168EE47B25FFDBBD00D4788D /* RunWalkUtils.swift in Sources */ = {isa = PBXBuildFile; fileRef = 168EE47A25FFDBBD00D4788D /* RunWalkUtils.swift */; };
		168EE47C25FFDBBD00D4788D /* RunWalkUtils.swift in Sources */ = {isa = PBXBuildFile; fileRef = 168EE47A25FFDBBD00D4788D /* RunWalkUtils.swift */; };
		168EE48426019A3400D4788D /* TimeAxisValue.swift in Sources */ = {isa = PBXBuildFile; fileRef = 168EE48326019A3400D4788D /* TimeAxisValue.swift */; };
		168EE48526019A3400D4788D /* TimeAxisValue.swift in Sources */ = {isa = PBXBuildFile; fileRef = 168EE48326019A3400D4788D /* TimeAxisValue.swift */; };
		1696420C260419ED00E68A45 /* FitFileParser in Frameworks */ = {isa = PBXBuildFile; productRef = 1696420B260419ED00E68A45 /* FitFileParser */; };
		1696421226041A1F00E68A45 /* ZIPFoundation in Frameworks */ = {isa = PBXBuildFile; productRef = 1696421126041A1F00E68A45 /* ZIPFoundation */; };
		1696421726041A2F00E68A45 /* ZIPFoundation in Frameworks */ = {isa = PBXBuildFile; productRef = 1696421626041A2F00E68A45 /* ZIPFoundation */; };
		1696424326041B3B00E68A45 /* ZipUtils.swift in Sources */ = {isa = PBXBuildFile; fileRef = 1696424226041B3B00E68A45 /* ZipUtils.swift */; };
		1696424426041B3B00E68A45 /* ZipUtils.swift in Sources */ = {isa = PBXBuildFile; fileRef = 1696424226041B3B00E68A45 /* ZipUtils.swift */; };
		1697607B25CB7BCC00CAF544 /* DetailMap.swift in Sources */ = {isa = PBXBuildFile; fileRef = 1697607A25CB7BCC00CAF544 /* DetailMap.swift */; };
		1697608125CB7EFD00CAF544 /* DetailMapView.swift in Sources */ = {isa = PBXBuildFile; fileRef = 1697608025CB7EFD00CAF544 /* DetailMapView.swift */; };
		16A065E825C3679D00019096 /* WorkoutMap.swift in Sources */ = {isa = PBXBuildFile; fileRef = 16A065E725C3679D00019096 /* WorkoutMap.swift */; };
		16A065EC25C3715300019096 /* MKCoordinateRegion+Additions.swift in Sources */ = {isa = PBXBuildFile; fileRef = 16A065EB25C3715300019096 /* MKCoordinateRegion+Additions.swift */; };
		16A065F225C37F1500019096 /* DetailManager.swift in Sources */ = {isa = PBXBuildFile; fileRef = 16A065F125C37F1500019096 /* DetailManager.swift */; };
		16A065F825C48CB300019096 /* WorkoutImport+Record.swift in Sources */ = {isa = PBXBuildFile; fileRef = 16A065F725C48CB200019096 /* WorkoutImport+Record.swift */; };
		16A065F925C48CB300019096 /* WorkoutImport+Record.swift in Sources */ = {isa = PBXBuildFile; fileRef = 16A065F725C48CB200019096 /* WorkoutImport+Record.swift */; };
		16A0660425C48D7000019096 /* WorkoutImport+Value.swift in Sources */ = {isa = PBXBuildFile; fileRef = 16A0660325C48D7000019096 /* WorkoutImport+Value.swift */; };
		16A0660525C48D7000019096 /* WorkoutImport+Value.swift in Sources */ = {isa = PBXBuildFile; fileRef = 16A0660325C48D7000019096 /* WorkoutImport+Value.swift */; };
		16A0660E25C48FB500019096 /* WorkoutImport+Events.swift in Sources */ = {isa = PBXBuildFile; fileRef = 16A0660D25C48FB500019096 /* WorkoutImport+Events.swift */; };
		16A0660F25C48FB500019096 /* WorkoutImport+Events.swift in Sources */ = {isa = PBXBuildFile; fileRef = 16A0660D25C48FB500019096 /* WorkoutImport+Events.swift */; };
		16A0661525C4A60D00019096 /* WorkoutImport+Metadata.swift in Sources */ = {isa = PBXBuildFile; fileRef = 16A0661425C4A60D00019096 /* WorkoutImport+Metadata.swift */; };
		16A0661625C4A60D00019096 /* WorkoutImport+Metadata.swift in Sources */ = {isa = PBXBuildFile; fileRef = 16A0661425C4A60D00019096 /* WorkoutImport+Metadata.swift */; };
		16A0662825C642EA00019096 /* ImportView.swift in Sources */ = {isa = PBXBuildFile; fileRef = 16A0662725C642EA00019096 /* ImportView.swift */; };
		16A0662F25C7209F00019096 /* ImportManager.swift in Sources */ = {isa = PBXBuildFile; fileRef = 16A0662E25C7209E00019096 /* ImportManager.swift */; };
		16A0663325C751FD00019096 /* Date+Additions.swift in Sources */ = {isa = PBXBuildFile; fileRef = 16A0663225C751FD00019096 /* Date+Additions.swift */; };
		16A17D0026039B9700273321 /* Quantity.swift in Sources */ = {isa = PBXBuildFile; fileRef = 16A17CFF26039B9700273321 /* Quantity.swift */; };
		16A17D0126039B9700273321 /* Quantity.swift in Sources */ = {isa = PBXBuildFile; fileRef = 16A17CFF26039B9700273321 /* Quantity.swift */; };
		16A2F51B25EB0FD10010F01D /* Array+Chunked.swift in Sources */ = {isa = PBXBuildFile; fileRef = 16A2F51A25EB0FD10010F01D /* Array+Chunked.swift */; };
		16A2F51C25EB0FD10010F01D /* Array+Chunked.swift in Sources */ = {isa = PBXBuildFile; fileRef = 16A2F51A25EB0FD10010F01D /* Array+Chunked.swift */; };
		16A2F54E25EDD52B0010F01D /* DetailAnalysisView.swift in Sources */ = {isa = PBXBuildFile; fileRef = 16A2F54D25EDD52B0010F01D /* DetailAnalysisView.swift */; };
		16A2F54F25EDD52B0010F01D /* DetailAnalysisView.swift in Sources */ = {isa = PBXBuildFile; fileRef = 16A2F54D25EDD52B0010F01D /* DetailAnalysisView.swift */; };
		16A3A5EA25B8F477003D1AB2 /* Log.swift in Sources */ = {isa = PBXBuildFile; fileRef = 16A3A5E925B8F477003D1AB2 /* Log.swift */; };
		16AB3D9F25D08EEB0082A610 /* ImportEmptyView.swift in Sources */ = {isa = PBXBuildFile; fileRef = 16AB3D9E25D08EEB0082A610 /* ImportEmptyView.swift */; };
		16AB3DA325D096A10082A610 /* NotAvailableView.swift in Sources */ = {isa = PBXBuildFile; fileRef = 16AB3DA225D096A10082A610 /* NotAvailableView.swift */; };
		16AB3DA925D096EE0082A610 /* NoWorkoutsView.swift in Sources */ = {isa = PBXBuildFile; fileRef = 16AB3DA825D096EE0082A610 /* NoWorkoutsView.swift */; };
		16AB3DAD25D097480082A610 /* WriteDeniedView.swift in Sources */ = {isa = PBXBuildFile; fileRef = 16AB3DAC25D097480082A610 /* WriteDeniedView.swift */; };
		16AB3DB325D0996C0082A610 /* NoFilesView.swift in Sources */ = {isa = PBXBuildFile; fileRef = 16AB3DB225D0996C0082A610 /* NoFilesView.swift */; };
		16ACF73525C8D61000CAFDBC /* FormatterUtils.swift in Sources */ = {isa = PBXBuildFile; fileRef = 16ACF73425C8D61000CAFDBC /* FormatterUtils.swift */; };
		16ACF73A25C8D77C00CAFDBC /* Date+Additions.swift in Sources */ = {isa = PBXBuildFile; fileRef = 16A0663225C751FD00019096 /* Date+Additions.swift */; };
		16AD0F9A25B5DA2C0092FA91 /* WorkoutImport.swift in Sources */ = {isa = PBXBuildFile; fileRef = 16AD0F9925B5DA2C0092FA91 /* WorkoutImport.swift */; };
		16B24D5E25E9BA16001EF1FC /* HKWorkoutActivityType+String.swift in Sources */ = {isa = PBXBuildFile; fileRef = 16B24D5D25E9BA16001EF1FC /* HKWorkoutActivityType+String.swift */; };
		16B24D5F25E9BA16001EF1FC /* HKWorkoutActivityType+String.swift in Sources */ = {isa = PBXBuildFile; fileRef = 16B24D5D25E9BA16001EF1FC /* HKWorkoutActivityType+String.swift */; };
		16D154E225D6ED4D00E2AC7C /* Sport.swift in Sources */ = {isa = PBXBuildFile; fileRef = 16E8323825D4B06200382545 /* Sport.swift */; };
		16D154E525D6ED5300E2AC7C /* HealthKit+Additions.swift in Sources */ = {isa = PBXBuildFile; fileRef = 1645B93E25B3546B00B04478 /* HealthKit+Additions.swift */; };
		16D154EA25D6ED7400E2AC7C /* TimeHelper.swift in Sources */ = {isa = PBXBuildFile; fileRef = 1645B91625B350BA00B04478 /* TimeHelper.swift */; };
		16D154EB25D6ED7400E2AC7C /* EnergyUtils.swift in Sources */ = {isa = PBXBuildFile; fileRef = 16E8323425D4AC1D00382545 /* EnergyUtils.swift */; };
		16D154EC25D6ED7400E2AC7C /* Color+Additions.swift in Sources */ = {isa = PBXBuildFile; fileRef = 1645B91825B350BB00B04478 /* Color+Additions.swift */; };
		16D154ED25D6ED7400E2AC7C /* FormatterUtils.swift in Sources */ = {isa = PBXBuildFile; fileRef = 16ACF73425C8D61000CAFDBC /* FormatterUtils.swift */; };
		16D154EE25D6ED7400E2AC7C /* MKCoordinateRegion+Additions.swift in Sources */ = {isa = PBXBuildFile; fileRef = 16A065EB25C3715300019096 /* MKCoordinateRegion+Additions.swift */; };
		16D154EF25D6ED7400E2AC7C /* Locale+Additions.swift in Sources */ = {isa = PBXBuildFile; fileRef = 16E8322825D20B4500382545 /* Locale+Additions.swift */; };
		16D154F025D6ED7400E2AC7C /* UTType+Additions.swift in Sources */ = {isa = PBXBuildFile; fileRef = 1645B91425B350BA00B04478 /* UTType+Additions.swift */; };
		16D154F325D6ED8200E2AC7C /* WorkoutDataStore.swift in Sources */ = {isa = PBXBuildFile; fileRef = 1645B93825B353DD00B04478 /* WorkoutDataStore.swift */; };
		16D154F425D6ED8200E2AC7C /* ProfileDataStore.swift in Sources */ = {isa = PBXBuildFile; fileRef = 16E8323D25D4C0F100382545 /* ProfileDataStore.swift */; };
		16D154F525D6ED8200E2AC7C /* HealthData.swift in Sources */ = {isa = PBXBuildFile; fileRef = 1645B91B25B350BB00B04478 /* HealthData.swift */; };
		16D154F825D6ED9700E2AC7C /* AppSettings.swift in Sources */ = {isa = PBXBuildFile; fileRef = 16E8321C25D2096100382545 /* AppSettings.swift */; };
		16E759EA25BB9B60007E6FE6 /* GarminFitTests.swift in Sources */ = {isa = PBXBuildFile; fileRef = 16E759E925BB9B60007E6FE6 /* GarminFitTests.swift */; };
		16E75A0125BB9CD6007E6FE6 /* Log.swift in Sources */ = {isa = PBXBuildFile; fileRef = 16A3A5E925B8F477003D1AB2 /* Log.swift */; };
		16E75A0625BB9CF2007E6FE6 /* WorkoutImport.swift in Sources */ = {isa = PBXBuildFile; fileRef = 16AD0F9925B5DA2C0092FA91 /* WorkoutImport.swift */; };
		16E75A0F25BB9D6E007E6FE6 /* cycling_example.fit in Resources */ = {isa = PBXBuildFile; fileRef = 16E75A0E25BB9D6E007E6FE6 /* cycling_example.fit */; };
		16E8321D25D2096100382545 /* AppSettings.swift in Sources */ = {isa = PBXBuildFile; fileRef = 16E8321C25D2096100382545 /* AppSettings.swift */; };
		16E8322925D20B4500382545 /* Locale+Additions.swift in Sources */ = {isa = PBXBuildFile; fileRef = 16E8322825D20B4500382545 /* Locale+Additions.swift */; };
		16E8323525D4AC1D00382545 /* EnergyUtils.swift in Sources */ = {isa = PBXBuildFile; fileRef = 16E8323425D4AC1D00382545 /* EnergyUtils.swift */; };
		16E8323925D4B06200382545 /* Sport.swift in Sources */ = {isa = PBXBuildFile; fileRef = 16E8323825D4B06200382545 /* Sport.swift */; };
		16E8323E25D4C0F100382545 /* ProfileDataStore.swift in Sources */ = {isa = PBXBuildFile; fileRef = 16E8323D25D4C0F100382545 /* ProfileDataStore.swift */; };
		16FB84BF25F699D400CF22ED /* Charts in Frameworks */ = {isa = PBXBuildFile; productRef = 16FB84BE25F699D400CF22ED /* Charts */; };
		16FB84C425F699EB00CF22ED /* Charts in Frameworks */ = {isa = PBXBuildFile; productRef = 16FB84C325F699EB00CF22ED /* Charts */; };
		16FB84D725F80C1E00CF22ED /* LineChart.swift in Sources */ = {isa = PBXBuildFile; fileRef = 16FB84D625F80C1E00CF22ED /* LineChart.swift */; };
		16FB84D825F80C1E00CF22ED /* LineChart.swift in Sources */ = {isa = PBXBuildFile; fileRef = 16FB84D625F80C1E00CF22ED /* LineChart.swift */; };
		16FB84E925F8321F00CF22ED /* Charts+Additions.swift in Sources */ = {isa = PBXBuildFile; fileRef = 16FB84E825F8321F00CF22ED /* Charts+Additions.swift */; };
		16FB84EA25F8321F00CF22ED /* Charts+Additions.swift in Sources */ = {isa = PBXBuildFile; fileRef = 16FB84E825F8321F00CF22ED /* Charts+Additions.swift */; };
		16FB84EF25F99C5400CF22ED /* Array+Slice.swift in Sources */ = {isa = PBXBuildFile; fileRef = 16FB84EE25F99C5400CF22ED /* Array+Slice.swift */; };
		16FB84F025F99C5400CF22ED /* Array+Slice.swift in Sources */ = {isa = PBXBuildFile; fileRef = 16FB84EE25F99C5400CF22ED /* Array+Slice.swift */; };
		16FB84F525F9A50D00CF22ED /* MeasurementConversions.swift in Sources */ = {isa = PBXBuildFile; fileRef = 16FB84F425F9A50D00CF22ED /* MeasurementConversions.swift */; };
		16FB84F625F9A50D00CF22ED /* MeasurementConversions.swift in Sources */ = {isa = PBXBuildFile; fileRef = 16FB84F425F9A50D00CF22ED /* MeasurementConversions.swift */; };
/* End PBXBuildFile section */

/* Begin PBXContainerItemProxy section */
		16E759EC25BB9B60007E6FE6 /* PBXContainerItemProxy */ = {
			isa = PBXContainerItemProxy;
			containerPortal = 161FDB5A25B34D4B00929433 /* Project object */;
			proxyType = 1;
			remoteGlobalIDString = 161FDB6125B34D4B00929433;
			remoteInfo = Workouts;
		};
/* End PBXContainerItemProxy section */

/* Begin PBXFileReference section */
		160BB05225DC2C2C0059E493 /* StatsView.swift */ = {isa = PBXFileReference; lastKnownFileType = sourcecode.swift; path = StatsView.swift; sourceTree = "<group>"; };
		160BB0A225DD61700059E493 /* Workouts Dev.app */ = {isa = PBXFileReference; explicitFileType = wrapper.application; includeInIndex = 0; path = "Workouts Dev.app"; sourceTree = BUILT_PRODUCTS_DIR; };
		160BB0A325DD61700059E493 /* DevInfo.plist */ = {isa = PBXFileReference; lastKnownFileType = text.plist.xml; path = DevInfo.plist; sourceTree = "<group>"; };
		160BB0CE25DDF1EE0059E493 /* StatsProvider.swift */ = {isa = PBXFileReference; lastKnownFileType = sourcecode.swift; path = StatsProvider.swift; sourceTree = "<group>"; };
		160BB0D425DDFA1E0059E493 /* HKStatisticsQuery+Publisher.swift */ = {isa = PBXFileReference; lastKnownFileType = sourcecode.swift; path = "HKStatisticsQuery+Publisher.swift"; sourceTree = "<group>"; };
		161FDB6225B34D4B00929433 /* Better Workouts.app */ = {isa = PBXFileReference; explicitFileType = wrapper.application; includeInIndex = 0; path = "Better Workouts.app"; sourceTree = BUILT_PRODUCTS_DIR; };
		161FDB6525B34D4B00929433 /* WorkoutsApp.swift */ = {isa = PBXFileReference; lastKnownFileType = sourcecode.swift; path = WorkoutsApp.swift; sourceTree = "<group>"; };
		161FDB6925B34D4E00929433 /* Assets.xcassets */ = {isa = PBXFileReference; lastKnownFileType = folder.assetcatalog; path = Assets.xcassets; sourceTree = "<group>"; };
		161FDB6C25B34D4E00929433 /* Preview Assets.xcassets */ = {isa = PBXFileReference; lastKnownFileType = folder.assetcatalog; path = "Preview Assets.xcassets"; sourceTree = "<group>"; };
		161FDB6E25B34D4E00929433 /* Info.plist */ = {isa = PBXFileReference; lastKnownFileType = text.plist.xml; path = Info.plist; sourceTree = "<group>"; };
		161FDB7525B34DF000929433 /* Workouts.entitlements */ = {isa = PBXFileReference; lastKnownFileType = text.plist.entitlements; path = Workouts.entitlements; sourceTree = "<group>"; };
		161FDB7725B34DF000929433 /* HealthKit.framework */ = {isa = PBXFileReference; lastKnownFileType = wrapper.framework; name = HealthKit.framework; path = System/Library/Frameworks/HealthKit.framework; sourceTree = SDKROOT; };
		163A5F3B25EFC8DA00146964 /* WorkoutAnnotation.swift */ = {isa = PBXFileReference; lastKnownFileType = sourcecode.swift; path = WorkoutAnnotation.swift; sourceTree = "<group>"; };
		1645B91125B350BA00B04478 /* AddView.swift */ = {isa = PBXFileReference; fileEncoding = 4; lastKnownFileType = sourcecode.swift; path = AddView.swift; sourceTree = "<group>"; };
		1645B91225B350BA00B04478 /* Workout.swift */ = {isa = PBXFileReference; fileEncoding = 4; lastKnownFileType = sourcecode.swift; path = Workout.swift; sourceTree = "<group>"; };
		1645B91325B350BA00B04478 /* WorkoutManager.swift */ = {isa = PBXFileReference; fileEncoding = 4; lastKnownFileType = sourcecode.swift; path = WorkoutManager.swift; sourceTree = "<group>"; };
		1645B91425B350BA00B04478 /* UTType+Additions.swift */ = {isa = PBXFileReference; fileEncoding = 4; lastKnownFileType = sourcecode.swift; path = "UTType+Additions.swift"; sourceTree = "<group>"; };
		1645B91525B350BA00B04478 /* DocumentPicker.swift */ = {isa = PBXFileReference; fileEncoding = 4; lastKnownFileType = sourcecode.swift; path = DocumentPicker.swift; sourceTree = "<group>"; };
		1645B91625B350BA00B04478 /* TimeHelper.swift */ = {isa = PBXFileReference; fileEncoding = 4; lastKnownFileType = sourcecode.swift; path = TimeHelper.swift; sourceTree = "<group>"; };
		1645B91725B350BA00B04478 /* TimeSelectView.swift */ = {isa = PBXFileReference; fileEncoding = 4; lastKnownFileType = sourcecode.swift; path = TimeSelectView.swift; sourceTree = "<group>"; };
		1645B91825B350BB00B04478 /* Color+Additions.swift */ = {isa = PBXFileReference; fileEncoding = 4; lastKnownFileType = sourcecode.swift; path = "Color+Additions.swift"; sourceTree = "<group>"; };
		1645B91925B350BB00B04478 /* SettingsView.swift */ = {isa = PBXFileReference; fileEncoding = 4; lastKnownFileType = sourcecode.swift; path = SettingsView.swift; sourceTree = "<group>"; };
		1645B91A25B350BB00B04478 /* AppData.swift */ = {isa = PBXFileReference; fileEncoding = 4; lastKnownFileType = sourcecode.swift; path = AppData.swift; sourceTree = "<group>"; };
		1645B91B25B350BB00B04478 /* HealthData.swift */ = {isa = PBXFileReference; fileEncoding = 4; lastKnownFileType = sourcecode.swift; path = HealthData.swift; sourceTree = "<group>"; };
		1645B91C25B350BB00B04478 /* DetailView.swift */ = {isa = PBXFileReference; fileEncoding = 4; lastKnownFileType = sourcecode.swift; path = DetailView.swift; sourceTree = "<group>"; };
		1645B91E25B350BB00B04478 /* WorkoutsView.swift */ = {isa = PBXFileReference; fileEncoding = 4; lastKnownFileType = sourcecode.swift; path = WorkoutsView.swift; sourceTree = "<group>"; };
		1645B93825B353DD00B04478 /* WorkoutDataStore.swift */ = {isa = PBXFileReference; fileEncoding = 4; lastKnownFileType = sourcecode.swift; path = WorkoutDataStore.swift; sourceTree = "<group>"; };
		1645B93E25B3546B00B04478 /* HealthKit+Additions.swift */ = {isa = PBXFileReference; fileEncoding = 4; lastKnownFileType = sourcecode.swift; path = "HealthKit+Additions.swift"; sourceTree = "<group>"; };
		1645B94225B35F6E00B04478 /* TextRow.swift */ = {isa = PBXFileReference; lastKnownFileType = sourcecode.swift; path = TextRow.swift; sourceTree = "<group>"; };
		1645B94525B3612700B04478 /* RowItem.swift */ = {isa = PBXFileReference; lastKnownFileType = sourcecode.swift; path = RowItem.swift; sourceTree = "<group>"; };
		1645B94825B3669E00B04478 /* TimePicker.swift */ = {isa = PBXFileReference; lastKnownFileType = sourcecode.swift; path = TimePicker.swift; sourceTree = "<group>"; };
		165D646D2617AF170015744C /* UpgradeView.swift */ = {isa = PBXFileReference; lastKnownFileType = sourcecode.swift; path = UpgradeView.swift; sourceTree = "<group>"; };
		165D6479261956620015744C /* WebView.swift */ = {isa = PBXFileReference; lastKnownFileType = sourcecode.swift; path = WebView.swift; sourceTree = "<group>"; };
		165D647F261957310015744C /* WebContent.swift */ = {isa = PBXFileReference; lastKnownFileType = sourcecode.swift; path = WebContent.swift; sourceTree = "<group>"; };
		165D648526195D140015744C /* SafariView.swift */ = {isa = PBXFileReference; lastKnownFileType = sourcecode.swift; path = SafariView.swift; sourceTree = "<group>"; };
		165D6491261962390015744C /* SystemUtils.swift */ = {isa = PBXFileReference; lastKnownFileType = sourcecode.swift; path = SystemUtils.swift; sourceTree = "<group>"; };
		165D649A261B51D20015744C /* MailView.swift */ = {isa = PBXFileReference; lastKnownFileType = sourcecode.swift; path = MailView.swift; sourceTree = "<group>"; };
		165F154025C82B9600A2CE59 /* ImportRow.swift */ = {isa = PBXFileReference; lastKnownFileType = sourcecode.swift; path = ImportRow.swift; sourceTree = "<group>"; };
		165F154425C853E900A2CE59 /* ImportOperation.swift */ = {isa = PBXFileReference; lastKnownFileType = sourcecode.swift; path = ImportOperation.swift; sourceTree = "<group>"; };
		16682B6025CF15F300FC9317 /* WorkoutEmptyView.swift */ = {isa = PBXFileReference; lastKnownFileType = sourcecode.swift; path = WorkoutEmptyView.swift; sourceTree = "<group>"; };
		16682B6425CF3E1900FC9317 /* RoundButton.swift */ = {isa = PBXFileReference; lastKnownFileType = sourcecode.swift; path = RoundButton.swift; sourceTree = "<group>"; };
		16682B6825CF416D00FC9317 /* ContentView.swift */ = {isa = PBXFileReference; lastKnownFileType = sourcecode.swift; path = ContentView.swift; sourceTree = "<group>"; };
		16682B6E25CFF54F00FC9317 /* OnboardingView.swift */ = {isa = PBXFileReference; lastKnownFileType = sourcecode.swift; path = OnboardingView.swift; sourceTree = "<group>"; };
		16755EDB25BBACC5002E73BA /* GarminUtils.swift */ = {isa = PBXFileReference; lastKnownFileType = sourcecode.swift; path = GarminUtils.swift; sourceTree = "<group>"; };
		1678145825DF4B120012531D /* StatsManager.swift */ = {isa = PBXFileReference; lastKnownFileType = sourcecode.swift; path = StatsManager.swift; sourceTree = "<group>"; };
		1678145E25DFFFBD0012531D /* StatsSummary.swift */ = {isa = PBXFileReference; lastKnownFileType = sourcecode.swift; path = StatsSummary.swift; sourceTree = "<group>"; };
		1678146825E001810012531D /* HKSampleQuery+Publisher.swift */ = {isa = PBXFileReference; lastKnownFileType = sourcecode.swift; path = "HKSampleQuery+Publisher.swift"; sourceTree = "<group>"; };
		167D2E612604E0BA00A4A299 /* String+Additions.swift */ = {isa = PBXFileReference; lastKnownFileType = sourcecode.swift; path = "String+Additions.swift"; sourceTree = "<group>"; };
		167D2E672605428200A4A299 /* SyncOperation.swift */ = {isa = PBXFileReference; lastKnownFileType = sourcecode.swift; path = SyncOperation.swift; sourceTree = "<group>"; };
		167D2E742605466400A4A299 /* HeartRateStatsOperation.swift */ = {isa = PBXFileReference; lastKnownFileType = sourcecode.swift; path = HeartRateStatsOperation.swift; sourceTree = "<group>"; };
		167D2E7A260548F500A4A299 /* RouteOperation.swift */ = {isa = PBXFileReference; lastKnownFileType = sourcecode.swift; path = RouteOperation.swift; sourceTree = "<group>"; };
		167D2E8026054E7400A4A299 /* CyclingCadenceOperation.swift */ = {isa = PBXFileReference; lastKnownFileType = sourcecode.swift; path = CyclingCadenceOperation.swift; sourceTree = "<group>"; };
		167D2E8926054EF900A4A299 /* HeartRateOperation.swift */ = {isa = PBXFileReference; lastKnownFileType = sourcecode.swift; path = HeartRateOperation.swift; sourceTree = "<group>"; };
		167D2E8F2605501E00A4A299 /* PaceOperation.swift */ = {isa = PBXFileReference; lastKnownFileType = sourcecode.swift; path = PaceOperation.swift; sourceTree = "<group>"; };
		167D2E9E2607E91500A4A299 /* FileUtils.swift */ = {isa = PBXFileReference; lastKnownFileType = sourcecode.swift; path = FileUtils.swift; sourceTree = "<group>"; };
		167D2EA72608E1C100A4A299 /* WeightInputView.swift */ = {isa = PBXFileReference; lastKnownFileType = sourcecode.swift; path = WeightInputView.swift; sourceTree = "<group>"; };
		167D2ED7260C103000A4A299 /* PaywallView.swift */ = {isa = PBXFileReference; lastKnownFileType = sourcecode.swift; path = PaywallView.swift; sourceTree = "<group>"; };
		167D2EE626110DB300A4A299 /* StoreKit.framework */ = {isa = PBXFileReference; lastKnownFileType = wrapper.framework; name = StoreKit.framework; path = System/Library/Frameworks/StoreKit.framework; sourceTree = SDKROOT; };
		167D2EEB2611104800A4A299 /* IAPManager.swift */ = {isa = PBXFileReference; lastKnownFileType = sourcecode.swift; path = IAPManager.swift; sourceTree = "<group>"; };
		168EE47A25FFDBBD00D4788D /* RunWalkUtils.swift */ = {isa = PBXFileReference; lastKnownFileType = sourcecode.swift; path = RunWalkUtils.swift; sourceTree = "<group>"; };
		168EE48326019A3400D4788D /* TimeAxisValue.swift */ = {isa = PBXFileReference; lastKnownFileType = sourcecode.swift; path = TimeAxisValue.swift; sourceTree = "<group>"; };
		1696424226041B3B00E68A45 /* ZipUtils.swift */ = {isa = PBXFileReference; lastKnownFileType = sourcecode.swift; path = ZipUtils.swift; sourceTree = "<group>"; };
		1697607A25CB7BCC00CAF544 /* DetailMap.swift */ = {isa = PBXFileReference; lastKnownFileType = sourcecode.swift; path = DetailMap.swift; sourceTree = "<group>"; };
		1697608025CB7EFD00CAF544 /* DetailMapView.swift */ = {isa = PBXFileReference; lastKnownFileType = sourcecode.swift; path = DetailMapView.swift; sourceTree = "<group>"; };
		16A065E725C3679D00019096 /* WorkoutMap.swift */ = {isa = PBXFileReference; lastKnownFileType = sourcecode.swift; path = WorkoutMap.swift; sourceTree = "<group>"; };
		16A065EB25C3715300019096 /* MKCoordinateRegion+Additions.swift */ = {isa = PBXFileReference; lastKnownFileType = sourcecode.swift; path = "MKCoordinateRegion+Additions.swift"; sourceTree = "<group>"; };
		16A065F125C37F1500019096 /* DetailManager.swift */ = {isa = PBXFileReference; lastKnownFileType = sourcecode.swift; path = DetailManager.swift; sourceTree = "<group>"; };
		16A065F725C48CB200019096 /* WorkoutImport+Record.swift */ = {isa = PBXFileReference; lastKnownFileType = sourcecode.swift; path = "WorkoutImport+Record.swift"; sourceTree = "<group>"; };
		16A0660325C48D7000019096 /* WorkoutImport+Value.swift */ = {isa = PBXFileReference; lastKnownFileType = sourcecode.swift; path = "WorkoutImport+Value.swift"; sourceTree = "<group>"; };
		16A0660D25C48FB500019096 /* WorkoutImport+Events.swift */ = {isa = PBXFileReference; lastKnownFileType = sourcecode.swift; path = "WorkoutImport+Events.swift"; sourceTree = "<group>"; };
		16A0661425C4A60D00019096 /* WorkoutImport+Metadata.swift */ = {isa = PBXFileReference; lastKnownFileType = sourcecode.swift; path = "WorkoutImport+Metadata.swift"; sourceTree = "<group>"; };
		16A0662725C642EA00019096 /* ImportView.swift */ = {isa = PBXFileReference; lastKnownFileType = sourcecode.swift; path = ImportView.swift; sourceTree = "<group>"; };
		16A0662E25C7209E00019096 /* ImportManager.swift */ = {isa = PBXFileReference; lastKnownFileType = sourcecode.swift; path = ImportManager.swift; sourceTree = "<group>"; };
		16A0663225C751FD00019096 /* Date+Additions.swift */ = {isa = PBXFileReference; lastKnownFileType = sourcecode.swift; path = "Date+Additions.swift"; sourceTree = "<group>"; };
		16A17CFF26039B9700273321 /* Quantity.swift */ = {isa = PBXFileReference; lastKnownFileType = sourcecode.swift; path = Quantity.swift; sourceTree = "<group>"; };
		16A2F51A25EB0FD10010F01D /* Array+Chunked.swift */ = {isa = PBXFileReference; lastKnownFileType = sourcecode.swift; path = "Array+Chunked.swift"; sourceTree = "<group>"; };
		16A2F54D25EDD52B0010F01D /* DetailAnalysisView.swift */ = {isa = PBXFileReference; lastKnownFileType = sourcecode.swift; path = DetailAnalysisView.swift; sourceTree = "<group>"; };
		16A3A5E925B8F477003D1AB2 /* Log.swift */ = {isa = PBXFileReference; lastKnownFileType = sourcecode.swift; path = Log.swift; sourceTree = "<group>"; };
		16AB3D9E25D08EEB0082A610 /* ImportEmptyView.swift */ = {isa = PBXFileReference; lastKnownFileType = sourcecode.swift; path = ImportEmptyView.swift; sourceTree = "<group>"; };
		16AB3DA225D096A10082A610 /* NotAvailableView.swift */ = {isa = PBXFileReference; lastKnownFileType = sourcecode.swift; path = NotAvailableView.swift; sourceTree = "<group>"; };
		16AB3DA825D096EE0082A610 /* NoWorkoutsView.swift */ = {isa = PBXFileReference; lastKnownFileType = sourcecode.swift; path = NoWorkoutsView.swift; sourceTree = "<group>"; };
		16AB3DAC25D097480082A610 /* WriteDeniedView.swift */ = {isa = PBXFileReference; lastKnownFileType = sourcecode.swift; path = WriteDeniedView.swift; sourceTree = "<group>"; };
		16AB3DB225D0996C0082A610 /* NoFilesView.swift */ = {isa = PBXFileReference; lastKnownFileType = sourcecode.swift; path = NoFilesView.swift; sourceTree = "<group>"; };
		16ACF73425C8D61000CAFDBC /* FormatterUtils.swift */ = {isa = PBXFileReference; lastKnownFileType = sourcecode.swift; path = FormatterUtils.swift; sourceTree = "<group>"; };
		16AD0F9925B5DA2C0092FA91 /* WorkoutImport.swift */ = {isa = PBXFileReference; lastKnownFileType = sourcecode.swift; path = WorkoutImport.swift; sourceTree = "<group>"; };
		16B24D5D25E9BA16001EF1FC /* HKWorkoutActivityType+String.swift */ = {isa = PBXFileReference; lastKnownFileType = sourcecode.swift; path = "HKWorkoutActivityType+String.swift"; sourceTree = "<group>"; };
		16E759E725BB9B60007E6FE6 /* WorkoutsTests.xctest */ = {isa = PBXFileReference; explicitFileType = wrapper.cfbundle; includeInIndex = 0; path = WorkoutsTests.xctest; sourceTree = BUILT_PRODUCTS_DIR; };
		16E759E925BB9B60007E6FE6 /* GarminFitTests.swift */ = {isa = PBXFileReference; lastKnownFileType = sourcecode.swift; path = GarminFitTests.swift; sourceTree = "<group>"; };
		16E759EB25BB9B60007E6FE6 /* Info.plist */ = {isa = PBXFileReference; lastKnownFileType = text.plist.xml; path = Info.plist; sourceTree = "<group>"; };
		16E75A0E25BB9D6E007E6FE6 /* cycling_example.fit */ = {isa = PBXFileReference; lastKnownFileType = file; path = cycling_example.fit; sourceTree = "<group>"; };
		16E8321C25D2096100382545 /* AppSettings.swift */ = {isa = PBXFileReference; lastKnownFileType = sourcecode.swift; path = AppSettings.swift; sourceTree = "<group>"; };
		16E8322825D20B4500382545 /* Locale+Additions.swift */ = {isa = PBXFileReference; lastKnownFileType = sourcecode.swift; path = "Locale+Additions.swift"; sourceTree = "<group>"; };
		16E8323425D4AC1D00382545 /* EnergyUtils.swift */ = {isa = PBXFileReference; lastKnownFileType = sourcecode.swift; path = EnergyUtils.swift; sourceTree = "<group>"; };
		16E8323825D4B06200382545 /* Sport.swift */ = {isa = PBXFileReference; lastKnownFileType = sourcecode.swift; path = Sport.swift; sourceTree = "<group>"; };
		16E8323D25D4C0F100382545 /* ProfileDataStore.swift */ = {isa = PBXFileReference; lastKnownFileType = sourcecode.swift; path = ProfileDataStore.swift; sourceTree = "<group>"; };
		16FB84D625F80C1E00CF22ED /* LineChart.swift */ = {isa = PBXFileReference; lastKnownFileType = sourcecode.swift; path = LineChart.swift; sourceTree = "<group>"; };
		16FB84E825F8321F00CF22ED /* Charts+Additions.swift */ = {isa = PBXFileReference; lastKnownFileType = sourcecode.swift; path = "Charts+Additions.swift"; sourceTree = "<group>"; };
		16FB84EE25F99C5400CF22ED /* Array+Slice.swift */ = {isa = PBXFileReference; lastKnownFileType = sourcecode.swift; path = "Array+Slice.swift"; sourceTree = "<group>"; };
		16FB84F425F9A50D00CF22ED /* MeasurementConversions.swift */ = {isa = PBXFileReference; lastKnownFileType = sourcecode.swift; path = MeasurementConversions.swift; sourceTree = "<group>"; };
/* End PBXFileReference section */

/* Begin PBXFrameworksBuildPhase section */
		160BB09925DD61700059E493 /* Frameworks */ = {
			isa = PBXFrameworksBuildPhase;
			buildActionMask = 2147483647;
			files = (
				160BB09A25DD61700059E493 /* HealthKit.framework in Frameworks */,
				16FB84C425F699EB00CF22ED /* Charts in Frameworks */,
				167D2EE826110DBF00A4A299 /* StoreKit.framework in Frameworks */,
				160BB09B25DD61700059E493 /* FitFileParser in Frameworks */,
				1696421726041A2F00E68A45 /* ZIPFoundation in Frameworks */,
				167D2EEA2611103200A4A299 /* Purchases in Frameworks */,
			);
			runOnlyForDeploymentPostprocessing = 0;
		};
		161FDB5F25B34D4B00929433 /* Frameworks */ = {
			isa = PBXFrameworksBuildPhase;
			buildActionMask = 2147483647;
			files = (
				1696420C260419ED00E68A45 /* FitFileParser in Frameworks */,
				161FDB7825B34DF000929433 /* HealthKit.framework in Frameworks */,
				16FB84BF25F699D400CF22ED /* Charts in Frameworks */,
				167D2EE726110DB300A4A299 /* StoreKit.framework in Frameworks */,
				1696421226041A1F00E68A45 /* ZIPFoundation in Frameworks */,
				167D2EE226110D7300A4A299 /* Purchases in Frameworks */,
			);
			runOnlyForDeploymentPostprocessing = 0;
		};
		16E759E425BB9B60007E6FE6 /* Frameworks */ = {
			isa = PBXFrameworksBuildPhase;
			buildActionMask = 2147483647;
			files = (
			);
			runOnlyForDeploymentPostprocessing = 0;
		};
/* End PBXFrameworksBuildPhase section */

/* Begin PBXGroup section */
		160BB05125DC2C110059E493 /* Stats */ = {
			isa = PBXGroup;
			children = (
				160BB05225DC2C2C0059E493 /* StatsView.swift */,
			);
			name = Stats;
			sourceTree = "<group>";
		};
		160BB05825DC2C4F0059E493 /* Workouts */ = {
			isa = PBXGroup;
			children = (
				1645B91E25B350BB00B04478 /* WorkoutsView.swift */,
				1645B91125B350BA00B04478 /* AddView.swift */,
				1645B91C25B350BB00B04478 /* DetailView.swift */,
				16A2F54D25EDD52B0010F01D /* DetailAnalysisView.swift */,
				1697608025CB7EFD00CAF544 /* DetailMapView.swift */,
				16A0662725C642EA00019096 /* ImportView.swift */,
			);
			name = Workouts;
			sourceTree = "<group>";
		};
		161FDB5925B34D4B00929433 = {
			isa = PBXGroup;
			children = (
				161FDB6425B34D4B00929433 /* Workouts */,
				16E759E825BB9B60007E6FE6 /* WorkoutsTests */,
				161FDB6325B34D4B00929433 /* Products */,
				161FDB7625B34DF000929433 /* Frameworks */,
			);
			sourceTree = "<group>";
		};
		161FDB6325B34D4B00929433 /* Products */ = {
			isa = PBXGroup;
			children = (
				161FDB6225B34D4B00929433 /* Better Workouts.app */,
				16E759E725BB9B60007E6FE6 /* WorkoutsTests.xctest */,
				160BB0A225DD61700059E493 /* Workouts Dev.app */,
			);
			name = Products;
			sourceTree = "<group>";
		};
		161FDB6425B34D4B00929433 /* Workouts */ = {
			isa = PBXGroup;
			children = (
				1645B93325B351C500B04478 /* App + Constants */,
				1645B92F25B3510A00B04478 /* Model + Data */,
				1645B93725B3533600B04478 /* Services */,
				16A0662B25C6449E00019096 /* View Managers */,
				1645B93025B3511800B04478 /* Views */,
				1645B93125B3514000B04478 /* Utilities */,
				1645B93225B3515500B04478 /* Supporting Files */,
			);
			path = Workouts;
			sourceTree = "<group>";
		};
		161FDB6B25B34D4E00929433 /* Preview Content */ = {
			isa = PBXGroup;
			children = (
				161FDB6C25B34D4E00929433 /* Preview Assets.xcassets */,
			);
			path = "Preview Content";
			sourceTree = "<group>";
		};
		161FDB7625B34DF000929433 /* Frameworks */ = {
			isa = PBXGroup;
			children = (
				167D2EE626110DB300A4A299 /* StoreKit.framework */,
				161FDB7725B34DF000929433 /* HealthKit.framework */,
			);
			name = Frameworks;
			sourceTree = "<group>";
		};
		1645B92F25B3510A00B04478 /* Model + Data */ = {
			isa = PBXGroup;
			children = (
				16A065FC25C48CBA00019096 /* Imports */,
				1645B91225B350BA00B04478 /* Workout.swift */,
				16E8323825D4B06200382545 /* Sport.swift */,
				1678145E25DFFFBD0012531D /* StatsSummary.swift */,
				163A5F3B25EFC8DA00146964 /* WorkoutAnnotation.swift */,
				168EE48326019A3400D4788D /* TimeAxisValue.swift */,
				16A17CFF26039B9700273321 /* Quantity.swift */,
			);
			name = "Model + Data";
			sourceTree = "<group>";
		};
		1645B93025B3511800B04478 /* Views */ = {
			isa = PBXGroup;
			children = (
				1645B93425B351F500B04478 /* Main */,
				160BB05825DC2C4F0059E493 /* Workouts */,
				160BB05125DC2C110059E493 /* Stats */,
				1645B93525B3520500B04478 /* Settings */,
				1645B93625B3520C00B04478 /* Shared */,
			);
			name = Views;
			sourceTree = "<group>";
		};
		1645B93125B3514000B04478 /* Utilities */ = {
			isa = PBXGroup;
			children = (
				1678146425E000A90012531D /* Publishers */,
				1645B93E25B3546B00B04478 /* HealthKit+Additions.swift */,
				16ACF73425C8D61000CAFDBC /* FormatterUtils.swift */,
				1645B91625B350BA00B04478 /* TimeHelper.swift */,
				1645B91825B350BB00B04478 /* Color+Additions.swift */,
				1645B91425B350BA00B04478 /* UTType+Additions.swift */,
				16A3A5E925B8F477003D1AB2 /* Log.swift */,
				16755EDB25BBACC5002E73BA /* GarminUtils.swift */,
				16A065EB25C3715300019096 /* MKCoordinateRegion+Additions.swift */,
				16A0663225C751FD00019096 /* Date+Additions.swift */,
				16E8322825D20B4500382545 /* Locale+Additions.swift */,
				16E8323425D4AC1D00382545 /* EnergyUtils.swift */,
				16B24D5D25E9BA16001EF1FC /* HKWorkoutActivityType+String.swift */,
				16A2F51A25EB0FD10010F01D /* Array+Chunked.swift */,
				16FB84E825F8321F00CF22ED /* Charts+Additions.swift */,
				16FB84EE25F99C5400CF22ED /* Array+Slice.swift */,
				16FB84F425F9A50D00CF22ED /* MeasurementConversions.swift */,
				168EE47A25FFDBBD00D4788D /* RunWalkUtils.swift */,
				1696424226041B3B00E68A45 /* ZipUtils.swift */,
				167D2E612604E0BA00A4A299 /* String+Additions.swift */,
				167D2E9E2607E91500A4A299 /* FileUtils.swift */,
				165D6491261962390015744C /* SystemUtils.swift */,
			);
			name = Utilities;
			sourceTree = "<group>";
		};
		1645B93225B3515500B04478 /* Supporting Files */ = {
			isa = PBXGroup;
			children = (
				161FDB7525B34DF000929433 /* Workouts.entitlements */,
				161FDB6925B34D4E00929433 /* Assets.xcassets */,
				160BB0A325DD61700059E493 /* DevInfo.plist */,
				161FDB6E25B34D4E00929433 /* Info.plist */,
				161FDB6B25B34D4E00929433 /* Preview Content */,
			);
			name = "Supporting Files";
			sourceTree = "<group>";
		};
		1645B93325B351C500B04478 /* App + Constants */ = {
			isa = PBXGroup;
			children = (
				161FDB6525B34D4B00929433 /* WorkoutsApp.swift */,
				1645B91A25B350BB00B04478 /* AppData.swift */,
				16E8321C25D2096100382545 /* AppSettings.swift */,
			);
			name = "App + Constants";
			sourceTree = "<group>";
		};
		1645B93425B351F500B04478 /* Main */ = {
			isa = PBXGroup;
			children = (
				16682B6825CF416D00FC9317 /* ContentView.swift */,
			);
			name = Main;
			sourceTree = "<group>";
		};
		1645B93525B3520500B04478 /* Settings */ = {
			isa = PBXGroup;
			children = (
				1645B91925B350BB00B04478 /* SettingsView.swift */,
				167D2EA72608E1C100A4A299 /* WeightInputView.swift */,
				165D646D2617AF170015744C /* UpgradeView.swift */,
				167D2ED7260C103000A4A299 /* PaywallView.swift */,
			);
			name = Settings;
			sourceTree = "<group>";
		};
		1645B93625B3520C00B04478 /* Shared */ = {
			isa = PBXGroup;
			children = (
				16682B7225CFFF7300FC9317 /* Overlays + Empty */,
				1645B91725B350BA00B04478 /* TimeSelectView.swift */,
				1645B91525B350BA00B04478 /* DocumentPicker.swift */,
				1645B94225B35F6E00B04478 /* TextRow.swift */,
				1645B94525B3612700B04478 /* RowItem.swift */,
				1645B94825B3669E00B04478 /* TimePicker.swift */,
				16A065E725C3679D00019096 /* WorkoutMap.swift */,
				1697607A25CB7BCC00CAF544 /* DetailMap.swift */,
				165F154025C82B9600A2CE59 /* ImportRow.swift */,
				16682B6425CF3E1900FC9317 /* RoundButton.swift */,
				16FB84D625F80C1E00CF22ED /* LineChart.swift */,
				165D6479261956620015744C /* WebView.swift */,
				165D647F261957310015744C /* WebContent.swift */,
				165D648526195D140015744C /* SafariView.swift */,
				165D649A261B51D20015744C /* MailView.swift */,
			);
			name = Shared;
			sourceTree = "<group>";
		};
		1645B93725B3533600B04478 /* Services */ = {
			isa = PBXGroup;
			children = (
				1645B91B25B350BB00B04478 /* HealthData.swift */,
				1645B93825B353DD00B04478 /* WorkoutDataStore.swift */,
				16E8323D25D4C0F100382545 /* ProfileDataStore.swift */,
				160BB0CE25DDF1EE0059E493 /* StatsProvider.swift */,
				167D2EEB2611104800A4A299 /* IAPManager.swift */,
			);
			name = Services;
			sourceTree = "<group>";
		};
		16682B7225CFFF7300FC9317 /* Overlays + Empty */ = {
			isa = PBXGroup;
			children = (
				16682B6E25CFF54F00FC9317 /* OnboardingView.swift */,
				16682B6025CF15F300FC9317 /* WorkoutEmptyView.swift */,
				16AB3D9E25D08EEB0082A610 /* ImportEmptyView.swift */,
				16AB3DA225D096A10082A610 /* NotAvailableView.swift */,
				16AB3DA825D096EE0082A610 /* NoWorkoutsView.swift */,
				16AB3DAC25D097480082A610 /* WriteDeniedView.swift */,
				16AB3DB225D0996C0082A610 /* NoFilesView.swift */,
			);
			name = "Overlays + Empty";
			sourceTree = "<group>";
		};
		1678146425E000A90012531D /* Publishers */ = {
			isa = PBXGroup;
			children = (
				160BB0D425DDFA1E0059E493 /* HKStatisticsQuery+Publisher.swift */,
				1678146825E001810012531D /* HKSampleQuery+Publisher.swift */,
			);
			name = Publishers;
			sourceTree = "<group>";
		};
		167D2E6D2605438F00A4A299 /* Operations */ = {
			isa = PBXGroup;
			children = (
				167D2E672605428200A4A299 /* SyncOperation.swift */,
				165F154425C853E900A2CE59 /* ImportOperation.swift */,
				167D2E742605466400A4A299 /* HeartRateStatsOperation.swift */,
				167D2E7A260548F500A4A299 /* RouteOperation.swift */,
				167D2E8026054E7400A4A299 /* CyclingCadenceOperation.swift */,
				167D2E8926054EF900A4A299 /* HeartRateOperation.swift */,
				167D2E8F2605501E00A4A299 /* PaceOperation.swift */,
			);
			name = Operations;
			sourceTree = "<group>";
		};
		16A065FC25C48CBA00019096 /* Imports */ = {
			isa = PBXGroup;
			children = (
				16AD0F9925B5DA2C0092FA91 /* WorkoutImport.swift */,
				16A0661425C4A60D00019096 /* WorkoutImport+Metadata.swift */,
				16A065F725C48CB200019096 /* WorkoutImport+Record.swift */,
				16A0660325C48D7000019096 /* WorkoutImport+Value.swift */,
				16A0660D25C48FB500019096 /* WorkoutImport+Events.swift */,
			);
			name = Imports;
			sourceTree = "<group>";
		};
		16A0662B25C6449E00019096 /* View Managers */ = {
			isa = PBXGroup;
			children = (
				167D2E6D2605438F00A4A299 /* Operations */,
				1645B91325B350BA00B04478 /* WorkoutManager.swift */,
				16A065F125C37F1500019096 /* DetailManager.swift */,
				16A0662E25C7209E00019096 /* ImportManager.swift */,
				1678145825DF4B120012531D /* StatsManager.swift */,
			);
			name = "View Managers";
			sourceTree = "<group>";
		};
		16E759E825BB9B60007E6FE6 /* WorkoutsTests */ = {
			isa = PBXGroup;
			children = (
				16E75A0D25BB9D5F007E6FE6 /* Assets */,
				16E759E925BB9B60007E6FE6 /* GarminFitTests.swift */,
				16E759EB25BB9B60007E6FE6 /* Info.plist */,
			);
			path = WorkoutsTests;
			sourceTree = "<group>";
		};
		16E75A0D25BB9D5F007E6FE6 /* Assets */ = {
			isa = PBXGroup;
			children = (
				16E75A0E25BB9D6E007E6FE6 /* cycling_example.fit */,
			);
			path = Assets;
			sourceTree = "<group>";
		};
/* End PBXGroup section */

/* Begin PBXNativeTarget section */
		160BB06125DD61700059E493 /* Workouts Dev */ = {
			isa = PBXNativeTarget;
			buildConfigurationList = 160BB09F25DD61700059E493 /* Build configuration list for PBXNativeTarget "Workouts Dev" */;
			buildPhases = (
				160BB06425DD61700059E493 /* Sources */,
				160BB09925DD61700059E493 /* Frameworks */,
				160BB09C25DD61700059E493 /* Resources */,
			);
			buildRules = (
			);
			dependencies = (
			);
			name = "Workouts Dev";
			packageProductDependencies = (
				160BB06225DD61700059E493 /* FitFileParser */,
				16FB84C325F699EB00CF22ED /* Charts */,
				1696421626041A2F00E68A45 /* ZIPFoundation */,
				167D2EE92611103200A4A299 /* Purchases */,
			);
			productName = Workouts;
			productReference = 160BB0A225DD61700059E493 /* Workouts Dev.app */;
			productType = "com.apple.product-type.application";
		};
		161FDB6125B34D4B00929433 /* Workouts */ = {
			isa = PBXNativeTarget;
			buildConfigurationList = 161FDB7125B34D4E00929433 /* Build configuration list for PBXNativeTarget "Workouts" */;
			buildPhases = (
				161FDB5E25B34D4B00929433 /* Sources */,
				161FDB5F25B34D4B00929433 /* Frameworks */,
				161FDB6025B34D4B00929433 /* Resources */,
			);
			buildRules = (
			);
			dependencies = (
			);
			name = Workouts;
			packageProductDependencies = (
				16FB84BE25F699D400CF22ED /* Charts */,
				1696420B260419ED00E68A45 /* FitFileParser */,
				1696421126041A1F00E68A45 /* ZIPFoundation */,
				167D2EE126110D7300A4A299 /* Purchases */,
			);
			productName = Workouts;
			productReference = 161FDB6225B34D4B00929433 /* Better Workouts.app */;
			productType = "com.apple.product-type.application";
		};
		16E759E625BB9B60007E6FE6 /* WorkoutsTests */ = {
			isa = PBXNativeTarget;
			buildConfigurationList = 16E759F025BB9B60007E6FE6 /* Build configuration list for PBXNativeTarget "WorkoutsTests" */;
			buildPhases = (
				16E759E325BB9B60007E6FE6 /* Sources */,
				16E759E425BB9B60007E6FE6 /* Frameworks */,
				16E759E525BB9B60007E6FE6 /* Resources */,
			);
			buildRules = (
			);
			dependencies = (
				16E759ED25BB9B60007E6FE6 /* PBXTargetDependency */,
			);
			name = WorkoutsTests;
			productName = WorkoutsTests;
			productReference = 16E759E725BB9B60007E6FE6 /* WorkoutsTests.xctest */;
			productType = "com.apple.product-type.bundle.unit-test";
		};
/* End PBXNativeTarget section */

/* Begin PBXProject section */
		161FDB5A25B34D4B00929433 /* Project object */ = {
			isa = PBXProject;
			attributes = {
				LastSwiftUpdateCheck = 1230;
				LastUpgradeCheck = 1230;
				TargetAttributes = {
					161FDB6125B34D4B00929433 = {
						CreatedOnToolsVersion = 12.3;
					};
					16E759E625BB9B60007E6FE6 = {
						CreatedOnToolsVersion = 12.3;
						ProvisioningStyle = Manual;
						TestTargetID = 161FDB6125B34D4B00929433;
					};
				};
			};
			buildConfigurationList = 161FDB5D25B34D4B00929433 /* Build configuration list for PBXProject "Workouts" */;
			compatibilityVersion = "Xcode 9.3";
			developmentRegion = en;
			hasScannedForEncodings = 0;
			knownRegions = (
				en,
				Base,
			);
			mainGroup = 161FDB5925B34D4B00929433;
			packageReferences = (
				16FB84BD25F699D400CF22ED /* XCRemoteSwiftPackageReference "Charts" */,
				1696420A260419ED00E68A45 /* XCRemoteSwiftPackageReference "FitFileParser" */,
				1696421026041A1F00E68A45 /* XCRemoteSwiftPackageReference "ZIPFoundation" */,
				167D2EE026110D7300A4A299 /* XCRemoteSwiftPackageReference "purchases-ios" */,
			);
			productRefGroup = 161FDB6325B34D4B00929433 /* Products */;
			projectDirPath = "";
			projectRoot = "";
			targets = (
				161FDB6125B34D4B00929433 /* Workouts */,
				160BB06125DD61700059E493 /* Workouts Dev */,
				16E759E625BB9B60007E6FE6 /* WorkoutsTests */,
			);
		};
/* End PBXProject section */

/* Begin PBXResourcesBuildPhase section */
		160BB09C25DD61700059E493 /* Resources */ = {
			isa = PBXResourcesBuildPhase;
			buildActionMask = 2147483647;
			files = (
				160BB0C125DD65DA0059E493 /* Assets.xcassets in Resources */,
				160BB09D25DD61700059E493 /* Preview Assets.xcassets in Resources */,
			);
			runOnlyForDeploymentPostprocessing = 0;
		};
		161FDB6025B34D4B00929433 /* Resources */ = {
			isa = PBXResourcesBuildPhase;
			buildActionMask = 2147483647;
			files = (
				160BB0BA25DD65C40059E493 /* Assets.xcassets in Resources */,
				161FDB6D25B34D4E00929433 /* Preview Assets.xcassets in Resources */,
			);
			runOnlyForDeploymentPostprocessing = 0;
		};
		16E759E525BB9B60007E6FE6 /* Resources */ = {
			isa = PBXResourcesBuildPhase;
			buildActionMask = 2147483647;
			files = (
				16E75A0F25BB9D6E007E6FE6 /* cycling_example.fit in Resources */,
			);
			runOnlyForDeploymentPostprocessing = 0;
		};
/* End PBXResourcesBuildPhase section */

/* Begin PBXSourcesBuildPhase section */
		160BB06425DD61700059E493 /* Sources */ = {
			isa = PBXSourcesBuildPhase;
			buildActionMask = 2147483647;
			files = (
				160BB06525DD61700059E493 /* TimeSelectView.swift in Sources */,
				160BB06625DD61700059E493 /* ProfileDataStore.swift in Sources */,
				1678146025DFFFBD0012531D /* StatsSummary.swift in Sources */,
				160BB06725DD61700059E493 /* ImportView.swift in Sources */,
				160BB06825DD61700059E493 /* ContentView.swift in Sources */,
				160BB06925DD61700059E493 /* Log.swift in Sources */,
				160BB06A25DD61700059E493 /* TextRow.swift in Sources */,
				168EE48526019A3400D4788D /* TimeAxisValue.swift in Sources */,
				160BB06B25DD61700059E493 /* NoWorkoutsView.swift in Sources */,
				160BB06C25DD61700059E493 /* ImportEmptyView.swift in Sources */,
				160BB06D25DD61700059E493 /* DetailMapView.swift in Sources */,
				167D2E8B26054EF900A4A299 /* HeartRateOperation.swift in Sources */,
				16FB84D825F80C1E00CF22ED /* LineChart.swift in Sources */,
				165D6493261962390015744C /* SystemUtils.swift in Sources */,
				167D2EA92608E1C100A4A299 /* WeightInputView.swift in Sources */,
				160BB06E25DD61700059E493 /* UTType+Additions.swift in Sources */,
				160BB06F25DD61700059E493 /* HealthKit+Additions.swift in Sources */,
				165D646F2617AF170015744C /* UpgradeView.swift in Sources */,
				167D2EED2611104800A4A299 /* IAPManager.swift in Sources */,
				160BB07025DD61700059E493 /* DetailView.swift in Sources */,
				160BB07125DD61700059E493 /* TimeHelper.swift in Sources */,
				1678145A25DF4B120012531D /* StatsManager.swift in Sources */,
				160BB07225DD61700059E493 /* ImportRow.swift in Sources */,
				160BB07325DD61700059E493 /* DetailManager.swift in Sources */,
				160BB07425DD61700059E493 /* WorkoutImport+Events.swift in Sources */,
				167D2E762605466400A4A299 /* HeartRateStatsOperation.swift in Sources */,
				160BB07525DD61700059E493 /* AppSettings.swift in Sources */,
				160BB0D625DDFA1E0059E493 /* HKStatisticsQuery+Publisher.swift in Sources */,
				165D6481261957310015744C /* WebContent.swift in Sources */,
				160BB07625DD61700059E493 /* WorkoutsView.swift in Sources */,
				160BB07725DD61700059E493 /* TimePicker.swift in Sources */,
				160BB07825DD61700059E493 /* MKCoordinateRegion+Additions.swift in Sources */,
				1696424426041B3B00E68A45 /* ZipUtils.swift in Sources */,
				160BB07925DD61700059E493 /* GarminUtils.swift in Sources */,
				16FB84F625F9A50D00CF22ED /* MeasurementConversions.swift in Sources */,
				160BB07A25DD61700059E493 /* WriteDeniedView.swift in Sources */,
				16A17D0126039B9700273321 /* Quantity.swift in Sources */,
				165D647B261956630015744C /* WebView.swift in Sources */,
				160BB07B25DD61700059E493 /* WorkoutsApp.swift in Sources */,
				160BB07C25DD61700059E493 /* Sport.swift in Sources */,
				160BB07D25DD61700059E493 /* Color+Additions.swift in Sources */,
				167D2ED9260C103000A4A299 /* PaywallView.swift in Sources */,
				160BB07E25DD61700059E493 /* NoFilesView.swift in Sources */,
				160BB07F25DD61700059E493 /* RoundButton.swift in Sources */,
				16FB84EA25F8321F00CF22ED /* Charts+Additions.swift in Sources */,
				167D2E7C260548F500A4A299 /* RouteOperation.swift in Sources */,
				160BB08025DD61700059E493 /* WorkoutMap.swift in Sources */,
				160BB08125DD61700059E493 /* Date+Additions.swift in Sources */,
				16FB84F025F99C5400CF22ED /* Array+Slice.swift in Sources */,
				160BB08225DD61700059E493 /* WorkoutDataStore.swift in Sources */,
				16A2F51C25EB0FD10010F01D /* Array+Chunked.swift in Sources */,
				160BB08325DD61700059E493 /* OnboardingView.swift in Sources */,
				160BB08425DD61700059E493 /* ImportManager.swift in Sources */,
				163A5F3D25EFC8DA00146964 /* WorkoutAnnotation.swift in Sources */,
				167D2EA02607E91500A4A299 /* FileUtils.swift in Sources */,
				160BB08525DD61700059E493 /* WorkoutManager.swift in Sources */,
				16A2F54F25EDD52B0010F01D /* DetailAnalysisView.swift in Sources */,
				160BB08625DD61700059E493 /* WorkoutImport.swift in Sources */,
				160BB08725DD61700059E493 /* AddView.swift in Sources */,
				160BB08825DD61700059E493 /* DocumentPicker.swift in Sources */,
				160BB08925DD61700059E493 /* WorkoutImport+Record.swift in Sources */,
				160BB08A25DD61700059E493 /* WorkoutImport+Value.swift in Sources */,
				160BB08B25DD61700059E493 /* HealthData.swift in Sources */,
				165D649C261B51D20015744C /* MailView.swift in Sources */,
				160BB08C25DD61700059E493 /* DetailMap.swift in Sources */,
				160BB08D25DD61700059E493 /* FormatterUtils.swift in Sources */,
				160BB0D025DDF1EE0059E493 /* StatsProvider.swift in Sources */,
				160BB08E25DD61700059E493 /* Workout.swift in Sources */,
				167D2E632604E0BA00A4A299 /* String+Additions.swift in Sources */,
				16B24D5F25E9BA16001EF1FC /* HKWorkoutActivityType+String.swift in Sources */,
				1678146A25E001810012531D /* HKSampleQuery+Publisher.swift in Sources */,
				160BB08F25DD61700059E493 /* SettingsView.swift in Sources */,
				160BB09025DD61700059E493 /* WorkoutEmptyView.swift in Sources */,
				160BB09125DD61700059E493 /* AppData.swift in Sources */,
				160BB09225DD61700059E493 /* ImportOperation.swift in Sources */,
				160BB09325DD61700059E493 /* Locale+Additions.swift in Sources */,
				160BB09425DD61700059E493 /* RowItem.swift in Sources */,
				167D2E912605501E00A4A299 /* PaceOperation.swift in Sources */,
				165D648726195D140015744C /* SafariView.swift in Sources */,
				160BB09525DD61700059E493 /* StatsView.swift in Sources */,
				160BB09625DD61700059E493 /* EnergyUtils.swift in Sources */,
				167D2E8226054E7400A4A299 /* CyclingCadenceOperation.swift in Sources */,
				160BB09725DD61700059E493 /* NotAvailableView.swift in Sources */,
				168EE47C25FFDBBD00D4788D /* RunWalkUtils.swift in Sources */,
				167D2E692605428200A4A299 /* SyncOperation.swift in Sources */,
				160BB09825DD61700059E493 /* WorkoutImport+Metadata.swift in Sources */,
			);
			runOnlyForDeploymentPostprocessing = 0;
		};
		161FDB5E25B34D4B00929433 /* Sources */ = {
			isa = PBXSourcesBuildPhase;
			buildActionMask = 2147483647;
			files = (
				1645B92525B350BB00B04478 /* TimeSelectView.swift in Sources */,
				16E8323E25D4C0F100382545 /* ProfileDataStore.swift in Sources */,
				1678145F25DFFFBD0012531D /* StatsSummary.swift in Sources */,
				16A0662825C642EA00019096 /* ImportView.swift in Sources */,
				16682B6925CF416D00FC9317 /* ContentView.swift in Sources */,
				16A3A5EA25B8F477003D1AB2 /* Log.swift in Sources */,
				1645B94325B35F6E00B04478 /* TextRow.swift in Sources */,
				168EE48426019A3400D4788D /* TimeAxisValue.swift in Sources */,
				16AB3DA925D096EE0082A610 /* NoWorkoutsView.swift in Sources */,
				16AB3D9F25D08EEB0082A610 /* ImportEmptyView.swift in Sources */,
				1697608125CB7EFD00CAF544 /* DetailMapView.swift in Sources */,
				167D2E8A26054EF900A4A299 /* HeartRateOperation.swift in Sources */,
				16FB84D725F80C1E00CF22ED /* LineChart.swift in Sources */,
				165D6492261962390015744C /* SystemUtils.swift in Sources */,
				167D2EA82608E1C100A4A299 /* WeightInputView.swift in Sources */,
				1645B92225B350BB00B04478 /* UTType+Additions.swift in Sources */,
				1645B93F25B3546B00B04478 /* HealthKit+Additions.swift in Sources */,
				165D646E2617AF170015744C /* UpgradeView.swift in Sources */,
				167D2EEC2611104800A4A299 /* IAPManager.swift in Sources */,
				1645B92A25B350BB00B04478 /* DetailView.swift in Sources */,
				1645B92425B350BB00B04478 /* TimeHelper.swift in Sources */,
				1678145925DF4B120012531D /* StatsManager.swift in Sources */,
				165F154125C82B9600A2CE59 /* ImportRow.swift in Sources */,
				16A065F225C37F1500019096 /* DetailManager.swift in Sources */,
				16A0660E25C48FB500019096 /* WorkoutImport+Events.swift in Sources */,
				167D2E752605466400A4A299 /* HeartRateStatsOperation.swift in Sources */,
				16E8321D25D2096100382545 /* AppSettings.swift in Sources */,
				160BB0D525DDFA1E0059E493 /* HKStatisticsQuery+Publisher.swift in Sources */,
				165D6480261957310015744C /* WebContent.swift in Sources */,
				1645B92C25B350BB00B04478 /* WorkoutsView.swift in Sources */,
				1645B94925B3669E00B04478 /* TimePicker.swift in Sources */,
				16A065EC25C3715300019096 /* MKCoordinateRegion+Additions.swift in Sources */,
				1696424326041B3B00E68A45 /* ZipUtils.swift in Sources */,
				16755EE225BBAD93002E73BA /* GarminUtils.swift in Sources */,
				16FB84F525F9A50D00CF22ED /* MeasurementConversions.swift in Sources */,
				16AB3DAD25D097480082A610 /* WriteDeniedView.swift in Sources */,
				16A17D0026039B9700273321 /* Quantity.swift in Sources */,
				165D647A261956630015744C /* WebView.swift in Sources */,
				161FDB6625B34D4B00929433 /* WorkoutsApp.swift in Sources */,
				16E8323925D4B06200382545 /* Sport.swift in Sources */,
				1645B92625B350BB00B04478 /* Color+Additions.swift in Sources */,
				167D2ED8260C103000A4A299 /* PaywallView.swift in Sources */,
				16AB3DB325D0996C0082A610 /* NoFilesView.swift in Sources */,
				16682B6525CF3E1900FC9317 /* RoundButton.swift in Sources */,
				16FB84E925F8321F00CF22ED /* Charts+Additions.swift in Sources */,
				167D2E7B260548F500A4A299 /* RouteOperation.swift in Sources */,
				16A065E825C3679D00019096 /* WorkoutMap.swift in Sources */,
				16A0663325C751FD00019096 /* Date+Additions.swift in Sources */,
				16FB84EF25F99C5400CF22ED /* Array+Slice.swift in Sources */,
				1645B93A25B353DD00B04478 /* WorkoutDataStore.swift in Sources */,
				16A2F51B25EB0FD10010F01D /* Array+Chunked.swift in Sources */,
				16682B6F25CFF54F00FC9317 /* OnboardingView.swift in Sources */,
				16A0662F25C7209F00019096 /* ImportManager.swift in Sources */,
				163A5F3C25EFC8DA00146964 /* WorkoutAnnotation.swift in Sources */,
				167D2E9F2607E91500A4A299 /* FileUtils.swift in Sources */,
				1645B92125B350BB00B04478 /* WorkoutManager.swift in Sources */,
				16A2F54E25EDD52B0010F01D /* DetailAnalysisView.swift in Sources */,
				16AD0F9A25B5DA2C0092FA91 /* WorkoutImport.swift in Sources */,
				1645B91F25B350BB00B04478 /* AddView.swift in Sources */,
				1645B92325B350BB00B04478 /* DocumentPicker.swift in Sources */,
				16A065F825C48CB300019096 /* WorkoutImport+Record.swift in Sources */,
				16A0660425C48D7000019096 /* WorkoutImport+Value.swift in Sources */,
				1645B92925B350BB00B04478 /* HealthData.swift in Sources */,
				165D649B261B51D20015744C /* MailView.swift in Sources */,
				1697607B25CB7BCC00CAF544 /* DetailMap.swift in Sources */,
				16ACF73525C8D61000CAFDBC /* FormatterUtils.swift in Sources */,
				160BB0CF25DDF1EE0059E493 /* StatsProvider.swift in Sources */,
				1645B92025B350BB00B04478 /* Workout.swift in Sources */,
				167D2E622604E0BA00A4A299 /* String+Additions.swift in Sources */,
				16B24D5E25E9BA16001EF1FC /* HKWorkoutActivityType+String.swift in Sources */,
				1678146925E001810012531D /* HKSampleQuery+Publisher.swift in Sources */,
				1645B92725B350BB00B04478 /* SettingsView.swift in Sources */,
				16682B6125CF15F300FC9317 /* WorkoutEmptyView.swift in Sources */,
				1645B92825B350BB00B04478 /* AppData.swift in Sources */,
				165F154525C853E900A2CE59 /* ImportOperation.swift in Sources */,
				16E8322925D20B4500382545 /* Locale+Additions.swift in Sources */,
				1645B94625B3612700B04478 /* RowItem.swift in Sources */,
				167D2E902605501E00A4A299 /* PaceOperation.swift in Sources */,
				165D648626195D140015744C /* SafariView.swift in Sources */,
				160BB05325DC2C2C0059E493 /* StatsView.swift in Sources */,
				16E8323525D4AC1D00382545 /* EnergyUtils.swift in Sources */,
				167D2E8126054E7400A4A299 /* CyclingCadenceOperation.swift in Sources */,
				16AB3DA325D096A10082A610 /* NotAvailableView.swift in Sources */,
				168EE47B25FFDBBD00D4788D /* RunWalkUtils.swift in Sources */,
				167D2E682605428200A4A299 /* SyncOperation.swift in Sources */,
				16A0661525C4A60D00019096 /* WorkoutImport+Metadata.swift in Sources */,
			);
			runOnlyForDeploymentPostprocessing = 0;
		};
		16E759E325BB9B60007E6FE6 /* Sources */ = {
			isa = PBXSourcesBuildPhase;
			buildActionMask = 2147483647;
			files = (
				16E75A0125BB9CD6007E6FE6 /* Log.swift in Sources */,
				16D154EA25D6ED7400E2AC7C /* TimeHelper.swift in Sources */,
				16D154E225D6ED4D00E2AC7C /* Sport.swift in Sources */,
				16A0660F25C48FB500019096 /* WorkoutImport+Events.swift in Sources */,
				16D154ED25D6ED7400E2AC7C /* FormatterUtils.swift in Sources */,
				16D154EF25D6ED7400E2AC7C /* Locale+Additions.swift in Sources */,
				16A0660525C48D7000019096 /* WorkoutImport+Value.swift in Sources */,
				16D154F325D6ED8200E2AC7C /* WorkoutDataStore.swift in Sources */,
				16E75A0625BB9CF2007E6FE6 /* WorkoutImport.swift in Sources */,
				16D154F525D6ED8200E2AC7C /* HealthData.swift in Sources */,
				16A0661625C4A60D00019096 /* WorkoutImport+Metadata.swift in Sources */,
				16D154F825D6ED9700E2AC7C /* AppSettings.swift in Sources */,
				16755EE525BBAD94002E73BA /* GarminUtils.swift in Sources */,
				16D154EE25D6ED7400E2AC7C /* MKCoordinateRegion+Additions.swift in Sources */,
				16A065F925C48CB300019096 /* WorkoutImport+Record.swift in Sources */,
				16D154F025D6ED7400E2AC7C /* UTType+Additions.swift in Sources */,
				16D154E525D6ED5300E2AC7C /* HealthKit+Additions.swift in Sources */,
				16D154EC25D6ED7400E2AC7C /* Color+Additions.swift in Sources */,
				16E759EA25BB9B60007E6FE6 /* GarminFitTests.swift in Sources */,
				16D154EB25D6ED7400E2AC7C /* EnergyUtils.swift in Sources */,
				16755ED825BBAC6E002E73BA /* AppData.swift in Sources */,
				16D154F425D6ED8200E2AC7C /* ProfileDataStore.swift in Sources */,
				16ACF73A25C8D77C00CAFDBC /* Date+Additions.swift in Sources */,
			);
			runOnlyForDeploymentPostprocessing = 0;
		};
/* End PBXSourcesBuildPhase section */

/* Begin PBXTargetDependency section */
		16E759ED25BB9B60007E6FE6 /* PBXTargetDependency */ = {
			isa = PBXTargetDependency;
			target = 161FDB6125B34D4B00929433 /* Workouts */;
			targetProxy = 16E759EC25BB9B60007E6FE6 /* PBXContainerItemProxy */;
		};
/* End PBXTargetDependency section */

/* Begin XCBuildConfiguration section */
		160BB0A025DD61700059E493 /* Debug */ = {
			isa = XCBuildConfiguration;
			buildSettings = {
				ASSETCATALOG_COMPILER_APPICON_NAME = DevIcon;
				ASSETCATALOG_COMPILER_GLOBAL_ACCENT_COLOR_NAME = AccentColor;
				CODE_SIGN_ENTITLEMENTS = Workouts/Workouts.entitlements;
				CODE_SIGN_IDENTITY = "Apple Development";
				CODE_SIGN_STYLE = Automatic;
				CURRENT_PROJECT_VERSION = 18;
				DEVELOPMENT_ASSET_PATHS = "\"Workouts/Preview Content\"";
				DEVELOPMENT_TEAM = C2Q5BUZ3MX;
				ENABLE_PREVIEWS = YES;
				INFOPLIST_FILE = Workouts/DevInfo.plist;
				IPHONEOS_DEPLOYMENT_TARGET = 14.0;
				LD_RUNPATH_SEARCH_PATHS = (
					"$(inherited)",
					"@executable_path/Frameworks",
				);
				OTHER_SWIFT_FLAGS = "-D DEVELOPMENT_BUILD";
				PRODUCT_BUNDLE_IDENTIFIER = me.axelrivera.WorkoutsDev;
				PRODUCT_NAME = "$(TARGET_NAME)";
				PROVISIONING_PROFILE_SPECIFIER = "";
				SWIFT_VERSION = 5.0;
				TARGETED_DEVICE_FAMILY = 1;
				VERSIONING_SYSTEM = "apple-generic";
			};
			name = Debug;
		};
		160BB0A125DD61700059E493 /* Release */ = {
			isa = XCBuildConfiguration;
			buildSettings = {
				ASSETCATALOG_COMPILER_APPICON_NAME = DevIcon;
				ASSETCATALOG_COMPILER_GLOBAL_ACCENT_COLOR_NAME = AccentColor;
				CODE_SIGN_ENTITLEMENTS = Workouts/Workouts.entitlements;
				CODE_SIGN_IDENTITY = "Apple Development";
				CODE_SIGN_STYLE = Automatic;
				CURRENT_PROJECT_VERSION = 18;
				DEVELOPMENT_ASSET_PATHS = "\"Workouts/Preview Content\"";
				DEVELOPMENT_TEAM = C2Q5BUZ3MX;
				ENABLE_PREVIEWS = YES;
				INFOPLIST_FILE = Workouts/DevInfo.plist;
				IPHONEOS_DEPLOYMENT_TARGET = 14.0;
				LD_RUNPATH_SEARCH_PATHS = (
					"$(inherited)",
					"@executable_path/Frameworks",
				);
				OTHER_SWIFT_FLAGS = "-D DEVELOPMENT_BUILD";
				PRODUCT_BUNDLE_IDENTIFIER = me.axelrivera.WorkoutsDev;
				PRODUCT_NAME = "$(TARGET_NAME)";
				PROVISIONING_PROFILE_SPECIFIER = "";
				SWIFT_VERSION = 5.0;
				TARGETED_DEVICE_FAMILY = 1;
				VERSIONING_SYSTEM = "apple-generic";
			};
			name = Release;
		};
		161FDB6F25B34D4E00929433 /* Debug */ = {
			isa = XCBuildConfiguration;
			buildSettings = {
				ALWAYS_SEARCH_USER_PATHS = NO;
				CLANG_ANALYZER_NONNULL = YES;
				CLANG_ANALYZER_NUMBER_OBJECT_CONVERSION = YES_AGGRESSIVE;
				CLANG_CXX_LANGUAGE_STANDARD = "gnu++14";
				CLANG_CXX_LIBRARY = "libc++";
				CLANG_ENABLE_MODULES = YES;
				CLANG_ENABLE_OBJC_ARC = YES;
				CLANG_ENABLE_OBJC_WEAK = YES;
				CLANG_WARN_BLOCK_CAPTURE_AUTORELEASING = YES;
				CLANG_WARN_BOOL_CONVERSION = YES;
				CLANG_WARN_COMMA = YES;
				CLANG_WARN_CONSTANT_CONVERSION = YES;
				CLANG_WARN_DEPRECATED_OBJC_IMPLEMENTATIONS = YES;
				CLANG_WARN_DIRECT_OBJC_ISA_USAGE = YES_ERROR;
				CLANG_WARN_DOCUMENTATION_COMMENTS = YES;
				CLANG_WARN_EMPTY_BODY = YES;
				CLANG_WARN_ENUM_CONVERSION = YES;
				CLANG_WARN_INFINITE_RECURSION = YES;
				CLANG_WARN_INT_CONVERSION = YES;
				CLANG_WARN_NON_LITERAL_NULL_CONVERSION = YES;
				CLANG_WARN_OBJC_IMPLICIT_RETAIN_SELF = YES;
				CLANG_WARN_OBJC_LITERAL_CONVERSION = YES;
				CLANG_WARN_OBJC_ROOT_CLASS = YES_ERROR;
				CLANG_WARN_QUOTED_INCLUDE_IN_FRAMEWORK_HEADER = YES;
				CLANG_WARN_RANGE_LOOP_ANALYSIS = YES;
				CLANG_WARN_STRICT_PROTOTYPES = YES;
				CLANG_WARN_SUSPICIOUS_MOVE = YES;
				CLANG_WARN_UNGUARDED_AVAILABILITY = YES_AGGRESSIVE;
				CLANG_WARN_UNREACHABLE_CODE = YES;
				CLANG_WARN__DUPLICATE_METHOD_MATCH = YES;
				COPY_PHASE_STRIP = NO;
				CURRENT_PROJECT_VERSION = 18;
				DEBUG_INFORMATION_FORMAT = dwarf;
				ENABLE_STRICT_OBJC_MSGSEND = YES;
				ENABLE_TESTABILITY = YES;
				GCC_C_LANGUAGE_STANDARD = gnu11;
				GCC_DYNAMIC_NO_PIC = NO;
				GCC_NO_COMMON_BLOCKS = YES;
				GCC_OPTIMIZATION_LEVEL = 0;
				GCC_PREPROCESSOR_DEFINITIONS = (
					"DEBUG=1",
					"$(inherited)",
				);
				GCC_WARN_64_TO_32_BIT_CONVERSION = YES;
				GCC_WARN_ABOUT_RETURN_TYPE = YES_ERROR;
				GCC_WARN_UNDECLARED_SELECTOR = YES;
				GCC_WARN_UNINITIALIZED_AUTOS = YES_AGGRESSIVE;
				GCC_WARN_UNUSED_FUNCTION = YES;
				GCC_WARN_UNUSED_VARIABLE = YES;
				IPHONEOS_DEPLOYMENT_TARGET = 14.0;
				MTL_ENABLE_DEBUG_INFO = INCLUDE_SOURCE;
				MTL_FAST_MATH = YES;
				ONLY_ACTIVE_ARCH = YES;
				SDKROOT = iphoneos;
				SWIFT_ACTIVE_COMPILATION_CONDITIONS = DEBUG;
				SWIFT_OPTIMIZATION_LEVEL = "-Onone";
				VERSIONING_SYSTEM = "";
			};
			name = Debug;
		};
		161FDB7025B34D4E00929433 /* Release */ = {
			isa = XCBuildConfiguration;
			buildSettings = {
				ALWAYS_SEARCH_USER_PATHS = NO;
				CLANG_ANALYZER_NONNULL = YES;
				CLANG_ANALYZER_NUMBER_OBJECT_CONVERSION = YES_AGGRESSIVE;
				CLANG_CXX_LANGUAGE_STANDARD = "gnu++14";
				CLANG_CXX_LIBRARY = "libc++";
				CLANG_ENABLE_MODULES = YES;
				CLANG_ENABLE_OBJC_ARC = YES;
				CLANG_ENABLE_OBJC_WEAK = YES;
				CLANG_WARN_BLOCK_CAPTURE_AUTORELEASING = YES;
				CLANG_WARN_BOOL_CONVERSION = YES;
				CLANG_WARN_COMMA = YES;
				CLANG_WARN_CONSTANT_CONVERSION = YES;
				CLANG_WARN_DEPRECATED_OBJC_IMPLEMENTATIONS = YES;
				CLANG_WARN_DIRECT_OBJC_ISA_USAGE = YES_ERROR;
				CLANG_WARN_DOCUMENTATION_COMMENTS = YES;
				CLANG_WARN_EMPTY_BODY = YES;
				CLANG_WARN_ENUM_CONVERSION = YES;
				CLANG_WARN_INFINITE_RECURSION = YES;
				CLANG_WARN_INT_CONVERSION = YES;
				CLANG_WARN_NON_LITERAL_NULL_CONVERSION = YES;
				CLANG_WARN_OBJC_IMPLICIT_RETAIN_SELF = YES;
				CLANG_WARN_OBJC_LITERAL_CONVERSION = YES;
				CLANG_WARN_OBJC_ROOT_CLASS = YES_ERROR;
				CLANG_WARN_QUOTED_INCLUDE_IN_FRAMEWORK_HEADER = YES;
				CLANG_WARN_RANGE_LOOP_ANALYSIS = YES;
				CLANG_WARN_STRICT_PROTOTYPES = YES;
				CLANG_WARN_SUSPICIOUS_MOVE = YES;
				CLANG_WARN_UNGUARDED_AVAILABILITY = YES_AGGRESSIVE;
				CLANG_WARN_UNREACHABLE_CODE = YES;
				CLANG_WARN__DUPLICATE_METHOD_MATCH = YES;
				COPY_PHASE_STRIP = NO;
				CURRENT_PROJECT_VERSION = 18;
				DEBUG_INFORMATION_FORMAT = "dwarf-with-dsym";
				ENABLE_NS_ASSERTIONS = NO;
				ENABLE_STRICT_OBJC_MSGSEND = YES;
				GCC_C_LANGUAGE_STANDARD = gnu11;
				GCC_NO_COMMON_BLOCKS = YES;
				GCC_WARN_64_TO_32_BIT_CONVERSION = YES;
				GCC_WARN_ABOUT_RETURN_TYPE = YES_ERROR;
				GCC_WARN_UNDECLARED_SELECTOR = YES;
				GCC_WARN_UNINITIALIZED_AUTOS = YES_AGGRESSIVE;
				GCC_WARN_UNUSED_FUNCTION = YES;
				GCC_WARN_UNUSED_VARIABLE = YES;
				IPHONEOS_DEPLOYMENT_TARGET = 14.0;
				MTL_ENABLE_DEBUG_INFO = NO;
				MTL_FAST_MATH = YES;
				SDKROOT = iphoneos;
				SWIFT_COMPILATION_MODE = wholemodule;
				SWIFT_OPTIMIZATION_LEVEL = "-O";
				VALIDATE_PRODUCT = YES;
				VERSIONING_SYSTEM = "";
			};
			name = Release;
		};
		161FDB7225B34D4E00929433 /* Debug */ = {
			isa = XCBuildConfiguration;
			buildSettings = {
				ASSETCATALOG_COMPILER_APPICON_NAME = AppIcon;
				ASSETCATALOG_COMPILER_GLOBAL_ACCENT_COLOR_NAME = AccentColor;
				CODE_SIGN_ENTITLEMENTS = Workouts/Workouts.entitlements;
				CODE_SIGN_IDENTITY = "Apple Development";
				CODE_SIGN_STYLE = Automatic;
				CURRENT_PROJECT_VERSION = 18;
				DEVELOPMENT_ASSET_PATHS = "\"Workouts/Preview Content\"";
				DEVELOPMENT_TEAM = C2Q5BUZ3MX;
				ENABLE_PREVIEWS = YES;
				INFOPLIST_FILE = Workouts/Info.plist;
				IPHONEOS_DEPLOYMENT_TARGET = 14.0;
				LD_RUNPATH_SEARCH_PATHS = (
					"$(inherited)",
					"@executable_path/Frameworks",
				);
				OTHER_SWIFT_FLAGS = "-D PRODUCTION_BUILD -D PRODUCTION_DEBUG";
				PRODUCT_BUNDLE_IDENTIFIER = me.axelrivera.Workouts;
				PRODUCT_NAME = "Better Workouts";
				PROVISIONING_PROFILE_SPECIFIER = "";
				SWIFT_VERSION = 5.0;
				TARGETED_DEVICE_FAMILY = 1;
				VERSIONING_SYSTEM = "apple-generic";
			};
			name = Debug;
		};
		161FDB7325B34D4E00929433 /* Release */ = {
			isa = XCBuildConfiguration;
			buildSettings = {
				ASSETCATALOG_COMPILER_APPICON_NAME = AppIcon;
				ASSETCATALOG_COMPILER_GLOBAL_ACCENT_COLOR_NAME = AccentColor;
				CODE_SIGN_ENTITLEMENTS = Workouts/Workouts.entitlements;
				CODE_SIGN_IDENTITY = "Apple Distribution";
				CODE_SIGN_STYLE = Manual;
				CURRENT_PROJECT_VERSION = 18;
				DEVELOPMENT_ASSET_PATHS = "\"Workouts/Preview Content\"";
				DEVELOPMENT_TEAM = C2Q5BUZ3MX;
				ENABLE_PREVIEWS = YES;
				INFOPLIST_FILE = Workouts/Info.plist;
				IPHONEOS_DEPLOYMENT_TARGET = 14.0;
				LD_RUNPATH_SEARCH_PATHS = (
					"$(inherited)",
					"@executable_path/Frameworks",
				);
				OTHER_SWIFT_FLAGS = "-D PRODUCTION_BUILD";
				PRODUCT_BUNDLE_IDENTIFIER = me.axelrivera.Workouts;
				PRODUCT_NAME = "Better Workouts";
				PROVISIONING_PROFILE_SPECIFIER = "me.axelrivera.Workouts Release";
				SWIFT_VERSION = 5.0;
				TARGETED_DEVICE_FAMILY = 1;
				VERSIONING_SYSTEM = "apple-generic";
			};
			name = Release;
		};
		16E759EE25BB9B60007E6FE6 /* Debug */ = {
			isa = XCBuildConfiguration;
			buildSettings = {
				BUNDLE_LOADER = "$(TEST_HOST)";
				CODE_SIGN_STYLE = Manual;
				DEVELOPMENT_TEAM = C2Q5BUZ3MX;
				INFOPLIST_FILE = WorkoutsTests/Info.plist;
				IPHONEOS_DEPLOYMENT_TARGET = 14.3;
				LD_RUNPATH_SEARCH_PATHS = (
					"$(inherited)",
					"@executable_path/Frameworks",
					"@loader_path/Frameworks",
				);
				PRODUCT_BUNDLE_IDENTIFIER = me.axelrivera.WorkoutsTests;
				PRODUCT_NAME = "$(TARGET_NAME)";
				SWIFT_VERSION = 5.0;
				TARGETED_DEVICE_FAMILY = "1,2";
				TEST_HOST = "$(BUILT_PRODUCTS_DIR)/Workouts.app/Workouts";
			};
			name = Debug;
		};
		16E759EF25BB9B60007E6FE6 /* Release */ = {
			isa = XCBuildConfiguration;
			buildSettings = {
				BUNDLE_LOADER = "$(TEST_HOST)";
				CODE_SIGN_STYLE = Manual;
				DEVELOPMENT_TEAM = C2Q5BUZ3MX;
				INFOPLIST_FILE = WorkoutsTests/Info.plist;
				IPHONEOS_DEPLOYMENT_TARGET = 14.3;
				LD_RUNPATH_SEARCH_PATHS = (
					"$(inherited)",
					"@executable_path/Frameworks",
					"@loader_path/Frameworks",
				);
				PRODUCT_BUNDLE_IDENTIFIER = me.axelrivera.WorkoutsTests;
				PRODUCT_NAME = "$(TARGET_NAME)";
				SWIFT_VERSION = 5.0;
				TARGETED_DEVICE_FAMILY = "1,2";
				TEST_HOST = "$(BUILT_PRODUCTS_DIR)/Workouts.app/Workouts";
			};
			name = Release;
		};
/* End XCBuildConfiguration section */

/* Begin XCConfigurationList section */
		160BB09F25DD61700059E493 /* Build configuration list for PBXNativeTarget "Workouts Dev" */ = {
			isa = XCConfigurationList;
			buildConfigurations = (
				160BB0A025DD61700059E493 /* Debug */,
				160BB0A125DD61700059E493 /* Release */,
			);
			defaultConfigurationIsVisible = 0;
			defaultConfigurationName = Release;
		};
		161FDB5D25B34D4B00929433 /* Build configuration list for PBXProject "Workouts" */ = {
			isa = XCConfigurationList;
			buildConfigurations = (
				161FDB6F25B34D4E00929433 /* Debug */,
				161FDB7025B34D4E00929433 /* Release */,
			);
			defaultConfigurationIsVisible = 0;
			defaultConfigurationName = Release;
		};
		161FDB7125B34D4E00929433 /* Build configuration list for PBXNativeTarget "Workouts" */ = {
			isa = XCConfigurationList;
			buildConfigurations = (
				161FDB7225B34D4E00929433 /* Debug */,
				161FDB7325B34D4E00929433 /* Release */,
			);
			defaultConfigurationIsVisible = 0;
			defaultConfigurationName = Release;
		};
		16E759F025BB9B60007E6FE6 /* Build configuration list for PBXNativeTarget "WorkoutsTests" */ = {
			isa = XCConfigurationList;
			buildConfigurations = (
				16E759EE25BB9B60007E6FE6 /* Debug */,
				16E759EF25BB9B60007E6FE6 /* Release */,
			);
			defaultConfigurationIsVisible = 0;
			defaultConfigurationName = Release;
		};
/* End XCConfigurationList section */

/* Begin XCRemoteSwiftPackageReference section */
		160BB06325DD61700059E493 /* XCRemoteSwiftPackageReference "FitFileParser" */ = {
			isa = XCRemoteSwiftPackageReference;
			repositoryURL = "https://axelrivera@github.com/roznet/FitFileParser.git";
			requirement = {
				kind = upToNextMajorVersion;
				minimumVersion = 1.4.0;
			};
		};
		167D2EE026110D7300A4A299 /* XCRemoteSwiftPackageReference "purchases-ios" */ = {
			isa = XCRemoteSwiftPackageReference;
			repositoryURL = "https://github.com/RevenueCat/purchases-ios.git";
			requirement = {
				kind = upToNextMajorVersion;
				minimumVersion = 3.10.7;
			};
		};
		1696420A260419ED00E68A45 /* XCRemoteSwiftPackageReference "FitFileParser" */ = {
			isa = XCRemoteSwiftPackageReference;
			repositoryURL = "https://github.com/roznet/FitFileParser.git";
			requirement = {
				kind = upToNextMajorVersion;
				minimumVersion = 1.4.3;
			};
		};
		1696421026041A1F00E68A45 /* XCRemoteSwiftPackageReference "ZIPFoundation" */ = {
			isa = XCRemoteSwiftPackageReference;
			repositoryURL = "https://github.com/weichsel/ZIPFoundation.git";
			requirement = {
				kind = upToNextMajorVersion;
				minimumVersion = 0.9.12;
			};
		};
		16FB84BD25F699D400CF22ED /* XCRemoteSwiftPackageReference "Charts" */ = {
			isa = XCRemoteSwiftPackageReference;
			repositoryURL = "https://github.com/danielgindi/Charts.git";
			requirement = {
				kind = upToNextMajorVersion;
				minimumVersion = 4.0.1;
			};
		};
/* End XCRemoteSwiftPackageReference section */

/* Begin XCSwiftPackageProductDependency section */
		160BB06225DD61700059E493 /* FitFileParser */ = {
			isa = XCSwiftPackageProductDependency;
			package = 160BB06325DD61700059E493 /* XCRemoteSwiftPackageReference "FitFileParser" */;
			productName = FitFileParser;
		};
		167D2EE126110D7300A4A299 /* Purchases */ = {
			isa = XCSwiftPackageProductDependency;
			package = 167D2EE026110D7300A4A299 /* XCRemoteSwiftPackageReference "purchases-ios" */;
			productName = Purchases;
		};
		167D2EE92611103200A4A299 /* Purchases */ = {
			isa = XCSwiftPackageProductDependency;
			package = 167D2EE026110D7300A4A299 /* XCRemoteSwiftPackageReference "purchases-ios" */;
			productName = Purchases;
		};
		1696420B260419ED00E68A45 /* FitFileParser */ = {
			isa = XCSwiftPackageProductDependency;
			package = 1696420A260419ED00E68A45 /* XCRemoteSwiftPackageReference "FitFileParser" */;
			productName = FitFileParser;
		};
		1696421126041A1F00E68A45 /* ZIPFoundation */ = {
			isa = XCSwiftPackageProductDependency;
			package = 1696421026041A1F00E68A45 /* XCRemoteSwiftPackageReference "ZIPFoundation" */;
			productName = ZIPFoundation;
		};
		1696421626041A2F00E68A45 /* ZIPFoundation */ = {
			isa = XCSwiftPackageProductDependency;
			package = 1696421026041A1F00E68A45 /* XCRemoteSwiftPackageReference "ZIPFoundation" */;
			productName = ZIPFoundation;
		};
		16FB84BE25F699D400CF22ED /* Charts */ = {
			isa = XCSwiftPackageProductDependency;
			package = 16FB84BD25F699D400CF22ED /* XCRemoteSwiftPackageReference "Charts" */;
			productName = Charts;
		};
		16FB84C325F699EB00CF22ED /* Charts */ = {
			isa = XCSwiftPackageProductDependency;
			package = 16FB84BD25F699D400CF22ED /* XCRemoteSwiftPackageReference "Charts" */;
			productName = Charts;
		};
/* End XCSwiftPackageProductDependency section */
	};
	rootObject = 161FDB5A25B34D4B00929433 /* Project object */;
}
